
Microsoft Visual Studio Solution File, Format Version 12.00
# Visual Studio Version 17
VisualStudioVersion = 17.3.32929.385
MinimumVisualStudioVersion = 10.0.40219.1
Project("{8BC9CEB8-8B4A-11D0-8D11-00A0C91BC942}") = "GameEngineBase", "GameEngineBase\GameEngineBase.vcxproj", "{A6E9BFEE-96EC-4FC9-9219-12202F5126CC}"
EndProject
Project("{8BC9CEB8-8B4A-11D0-8D11-00A0C91BC942}") = "GameEnginePlatform", "GameEnginePlatform\GameEnginePlatform.vcxproj", "{012509BD-0610-46F2-BCEF-076C0828D24F}"
	ProjectSection(ProjectDependencies) = postProject
		{A6E9BFEE-96EC-4FC9-9219-12202F5126CC} = {A6E9BFEE-96EC-4FC9-9219-12202F5126CC}
	EndProjectSection
EndProject
Project("{2150E333-8FDC-42A3-9474-1A3956D46DE8}") = "App", "App", "{793EB53F-7DF1-4F1C-9EED-4273DD24579D}"
EndProject
Project("{8BC9CEB8-8B4A-11D0-8D11-00A0C91BC942}") = "App", "App\App.vcxproj", "{3D6F7E59-CAEB-47DF-A246-184B4E373308}"
	ProjectSection(ProjectDependencies) = postProject
		{012509BD-0610-46F2-BCEF-076C0828D24F} = {012509BD-0610-46F2-BCEF-076C0828D24F}
		{379C56A0-7C4F-4665-81D2-48C34BF84206} = {379C56A0-7C4F-4665-81D2-48C34BF84206}
		{A6E9BFEE-96EC-4FC9-9219-12202F5126CC} = {A6E9BFEE-96EC-4FC9-9219-12202F5126CC}
		{B3B3C87E-E835-4903-8266-E20C025B6067} = {B3B3C87E-E835-4903-8266-E20C025B6067}
	EndProjectSection
EndProject
Project("{2150E333-8FDC-42A3-9474-1A3956D46DE8}") = "Engine", "Engine", "{170C49AA-2C51-4043-84A0-32392B37DFC8}"
EndProject
Project("{2150E333-8FDC-42A3-9474-1A3956D46DE8}") = "Level1", "Level1", "{02515975-7EE6-4A42-8DE4-729CCE9636A4}"
EndProject
Project("{2150E333-8FDC-42A3-9474-1A3956D46DE8}") = "Level0", "Level0", "{6571435C-4463-485B-8766-FDD705D6A155}"
EndProject
Project("{8BC9CEB8-8B4A-11D0-8D11-00A0C91BC942}") = "GameEngineCore", "GameEngineCore\GameEngineCore.vcxproj", "{B3B3C87E-E835-4903-8266-E20C025B6067}"
	ProjectSection(ProjectDependencies) = postProject
		{012509BD-0610-46F2-BCEF-076C0828D24F} = {012509BD-0610-46F2-BCEF-076C0828D24F}
		{A6E9BFEE-96EC-4FC9-9219-12202F5126CC} = {A6E9BFEE-96EC-4FC9-9219-12202F5126CC}
	EndProjectSection
EndProject
Project("{2150E333-8FDC-42A3-9474-1A3956D46DE8}") = "My Dx_Game", "My Dx_Game", "{8350134A-53A1-459E-835F-1BC63F9087C3}"
EndProject
Project("{8BC9CEB8-8B4A-11D0-8D11-00A0C91BC942}") = "Thereisnogame", "Thereisnogame\Thereisnogame.vcxproj", "{379C56A0-7C4F-4665-81D2-48C34BF84206}"
	ProjectSection(ProjectDependencies) = postProject
		{012509BD-0610-46F2-BCEF-076C0828D24F} = {012509BD-0610-46F2-BCEF-076C0828D24F}
		{A6E9BFEE-96EC-4FC9-9219-12202F5126CC} = {A6E9BFEE-96EC-4FC9-9219-12202F5126CC}
		{B3B3C87E-E835-4903-8266-E20C025B6067} = {B3B3C87E-E835-4903-8266-E20C025B6067}
	EndProjectSection
EndProject
Project("{2150E333-8FDC-42A3-9474-1A3956D46DE8}") = "Math", "Math", "{07790476-C76E-49FE-A98A-66407A4CF1D9}"
	ProjectSection(SolutionItems) = preProject
		3월22일.txt = 3월22일.txt
		3월23일.txt = 3월23일.txt
		3월28일.txt = 3월28일.txt
		3월29일.txt = 3월29일.txt
		3월30일.txt = 3월30일.txt
		3월31일.txt = 3월31일.txt
		4월3일.txt = 4월3일.txt
		4월4일.txt = 4월4일.txt
		4월5일.txt = 4월5일.txt
		4월6일.txt = 4월6일.txt
	EndProjectSection
EndProject
Global
	GlobalSection(SolutionConfigurationPlatforms) = preSolution
		Debug|x64 = Debug|x64
		Debug|x86 = Debug|x86
		Release|x64 = Release|x64
		Release|x86 = Release|x86
	EndGlobalSection
	GlobalSection(ProjectConfigurationPlatforms) = postSolution
		{A6E9BFEE-96EC-4FC9-9219-12202F5126CC}.Debug|x64.ActiveCfg = Debug|x64
		{A6E9BFEE-96EC-4FC9-9219-12202F5126CC}.Debug|x64.Build.0 = Debug|x64
		{A6E9BFEE-96EC-4FC9-9219-12202F5126CC}.Debug|x86.ActiveCfg = Debug|Win32
		{A6E9BFEE-96EC-4FC9-9219-12202F5126CC}.Debug|x86.Build.0 = Debug|Win32
		{A6E9BFEE-96EC-4FC9-9219-12202F5126CC}.Release|x64.ActiveCfg = Release|x64
		{A6E9BFEE-96EC-4FC9-9219-12202F5126CC}.Release|x64.Build.0 = Release|x64
		{A6E9BFEE-96EC-4FC9-9219-12202F5126CC}.Release|x86.ActiveCfg = Release|Win32
		{A6E9BFEE-96EC-4FC9-9219-12202F5126CC}.Release|x86.Build.0 = Release|Win32
		{012509BD-0610-46F2-BCEF-076C0828D24F}.Debug|x64.ActiveCfg = Debug|x64
		{012509BD-0610-46F2-BCEF-076C0828D24F}.Debug|x64.Build.0 = Debug|x64
		{012509BD-0610-46F2-BCEF-076C0828D24F}.Debug|x86.ActiveCfg = Debug|Win32
		{012509BD-0610-46F2-BCEF-076C0828D24F}.Debug|x86.Build.0 = Debug|Win32
		{012509BD-0610-46F2-BCEF-076C0828D24F}.Release|x64.ActiveCfg = Release|x64
		{012509BD-0610-46F2-BCEF-076C0828D24F}.Release|x64.Build.0 = Release|x64
		{012509BD-0610-46F2-BCEF-076C0828D24F}.Release|x86.ActiveCfg = Release|Win32
		{012509BD-0610-46F2-BCEF-076C0828D24F}.Release|x86.Build.0 = Release|Win32
		{3D6F7E59-CAEB-47DF-A246-184B4E373308}.Debug|x64.ActiveCfg = Debug|x64
		{3D6F7E59-CAEB-47DF-A246-184B4E373308}.Debug|x64.Build.0 = Debug|x64
		{3D6F7E59-CAEB-47DF-A246-184B4E373308}.Debug|x86.ActiveCfg = Debug|Win32
		{3D6F7E59-CAEB-47DF-A246-184B4E373308}.Debug|x86.Build.0 = Debug|Win32
		{3D6F7E59-CAEB-47DF-A246-184B4E373308}.Release|x64.ActiveCfg = Release|x64
		{3D6F7E59-CAEB-47DF-A246-184B4E373308}.Release|x64.Build.0 = Release|x64
		{3D6F7E59-CAEB-47DF-A246-184B4E373308}.Release|x86.ActiveCfg = Release|Win32
		{3D6F7E59-CAEB-47DF-A246-184B4E373308}.Release|x86.Build.0 = Release|Win32
		{B3B3C87E-E835-4903-8266-E20C025B6067}.Debug|x64.ActiveCfg = Debug|x64
		{B3B3C87E-E835-4903-8266-E20C025B6067}.Debug|x64.Build.0 = Debug|x64
		{B3B3C87E-E835-4903-8266-E20C025B6067}.Debug|x86.ActiveCfg = Debug|Win32
		{B3B3C87E-E835-4903-8266-E20C025B6067}.Debug|x86.Build.0 = Debug|Win32
		{B3B3C87E-E835-4903-8266-E20C025B6067}.Release|x64.ActiveCfg = Release|x64
		{B3B3C87E-E835-4903-8266-E20C025B6067}.Release|x64.Build.0 = Release|x64
		{B3B3C87E-E835-4903-8266-E20C025B6067}.Release|x86.ActiveCfg = Release|Win32
		{B3B3C87E-E835-4903-8266-E20C025B6067}.Release|x86.Build.0 = Release|Win32
		{379C56A0-7C4F-4665-81D2-48C34BF84206}.Debug|x64.ActiveCfg = Debug|x64
		{379C56A0-7C4F-4665-81D2-48C34BF84206}.Debug|x64.Build.0 = Debug|x64
		{379C56A0-7C4F-4665-81D2-48C34BF84206}.Debug|x86.ActiveCfg = Debug|Win32
		{379C56A0-7C4F-4665-81D2-48C34BF84206}.Debug|x86.Build.0 = Debug|Win32
		{379C56A0-7C4F-4665-81D2-48C34BF84206}.Release|x64.ActiveCfg = Release|x64
		{379C56A0-7C4F-4665-81D2-48C34BF84206}.Release|x64.Build.0 = Release|x64
		{379C56A0-7C4F-4665-81D2-48C34BF84206}.Release|x86.ActiveCfg = Release|Win32
		{379C56A0-7C4F-4665-81D2-48C34BF84206}.Release|x86.Build.0 = Release|Win32
	EndGlobalSection
	GlobalSection(SolutionProperties) = preSolution
		HideSolutionNode = FALSE
	EndGlobalSection
	GlobalSection(NestedProjects) = preSolution
		{A6E9BFEE-96EC-4FC9-9219-12202F5126CC} = {6571435C-4463-485B-8766-FDD705D6A155}
		{012509BD-0610-46F2-BCEF-076C0828D24F} = {6571435C-4463-485B-8766-FDD705D6A155}
		{3D6F7E59-CAEB-47DF-A246-184B4E373308} = {793EB53F-7DF1-4F1C-9EED-4273DD24579D}
		{02515975-7EE6-4A42-8DE4-729CCE9636A4} = {170C49AA-2C51-4043-84A0-32392B37DFC8}
		{6571435C-4463-485B-8766-FDD705D6A155} = {170C49AA-2C51-4043-84A0-32392B37DFC8}
		{B3B3C87E-E835-4903-8266-E20C025B6067} = {02515975-7EE6-4A42-8DE4-729CCE9636A4}
		{379C56A0-7C4F-4665-81D2-48C34BF84206} = {8350134A-53A1-459E-835F-1BC63F9087C3}
		{07790476-C76E-49FE-A98A-66407A4CF1D9} = {793EB53F-7DF1-4F1C-9EED-4273DD24579D}
	EndGlobalSection
	GlobalSection(ExtensibilityGlobals) = postSolution
		SolutionGuid = {7D2BF199-6300-49C5-B9C7-55EA5CBD1D3E}
	EndGlobalSection
EndGlobal
