<?xml version="1.0" encoding="utf-8"?>
<Project ToolsVersion="4.0" xmlns="http://schemas.microsoft.com/developer/msbuild/2003">
  <ItemGroup>
    <ClCompile Include="ContentsCore.cpp">
      <Filter>Core</Filter>
    </ClCompile>
    <ClCompile Include="PrecompileHeader.cpp">
      <Filter>Core</Filter>
    </ClCompile>
    <ClCompile Include="MainMenuLevel.cpp">
      <Filter>Chapter0.0_MainMenu\Level</Filter>
    </ClCompile>
    <ClCompile Include="Chain.cpp">
      <Filter>CommonUI</Filter>
    </ClCompile>
    <ClCompile Include="AlphaCircle.cpp">
      <Filter>CommonUI</Filter>
    </ClCompile>
    <ClCompile Include="SelectBox.cpp">
      <Filter>Chapter0.0_MainMenu\Actor\SelectBox</Filter>
    </ClCompile>
    <ClCompile Include="G_ActorBase.cpp">
      <Filter>Actor Base</Filter>
    </ClCompile>
    <ClCompile Include="BackCurtain.cpp">
      <Filter>CommonUI</Filter>
    </ClCompile>
    <ClCompile Include="Program Loading Level.cpp">
      <Filter>Chapter1.5_Program Loading\Level</Filter>
    </ClCompile>
    <ClCompile Include="Play within a play Level.cpp">
      <Filter>Chapter1.0_Play within a play\Level</Filter>
    </ClCompile>
    <ClCompile Include="Fake Program Level.cpp">
      <Filter>CHapter2.0_Fake Program\Level</Filter>
    </ClCompile>
    <ClCompile Include="C_0Letter_E.cpp">
      <Filter>Chapter0.0_MainMenu\Actor\Letter\There is</Filter>
    </ClCompile>
    <ClCompile Include="C_0Letter_H .cpp">
      <Filter>Chapter0.0_MainMenu\Actor\Letter\There is</Filter>
    </ClCompile>
    <ClCompile Include="C_0Letter_I.cpp">
      <Filter>Chapter0.0_MainMenu\Actor\Letter\There is</Filter>
    </ClCompile>
    <ClCompile Include="C_0Letter_R.cpp">
      <Filter>Chapter0.0_MainMenu\Actor\Letter\There is</Filter>
    </ClCompile>
    <ClCompile Include="C_0Letter_S.cpp">
      <Filter>Chapter0.0_MainMenu\Actor\Letter\There is</Filter>
    </ClCompile>
    <ClCompile Include="C_0Letter_sE.cpp">
      <Filter>Chapter0.0_MainMenu\Actor\Letter\There is</Filter>
    </ClCompile>
    <ClCompile Include="C_0Letter_T.cpp">
      <Filter>Chapter0.0_MainMenu\Actor\Letter\There is</Filter>
    </ClCompile>
    <ClCompile Include="C_0Letter_N.cpp">
      <Filter>Chapter0.0_MainMenu\Actor\Letter\No game</Filter>
    </ClCompile>
    <ClCompile Include="C_0Letter_O.cpp">
      <Filter>Chapter0.0_MainMenu\Actor\Letter\No game</Filter>
    </ClCompile>
    <ClCompile Include="C_0Letter_G.cpp">
      <Filter>Chapter0.0_MainMenu\Actor\Letter\No game</Filter>
    </ClCompile>
    <ClCompile Include="C_0Letter_A.cpp">
      <Filter>Chapter0.0_MainMenu\Actor\Letter\No game</Filter>
    </ClCompile>
    <ClCompile Include="C_0Letter_M.cpp">
      <Filter>Chapter0.0_MainMenu\Actor\Letter\No game</Filter>
    </ClCompile>
    <ClCompile Include="C_0Letter_e2.cpp">
      <Filter>Chapter0.0_MainMenu\Actor\Letter\No game</Filter>
    </ClCompile>
    <ClCompile Include="MainMenuLevelState.cpp">
      <Filter>Chapter0.0_MainMenu\Level</Filter>
    </ClCompile>
    <ClCompile Include="Panel_Continue.cpp">
      <Filter>Chapter0.0_MainMenu\Actor\Panel</Filter>
    </ClCompile>
    <ClCompile Include="Panel_Back.cpp">
      <Filter>Chapter0.0_MainMenu\Actor\Panel</Filter>
    </ClCompile>
    <ClCompile Include="Arrow.cpp">
      <Filter>Chapter0.0_MainMenu\Actor\SelectBox\Arrow</Filter>
    </ClCompile>
    <ClCompile Include="Arrow1.cpp">
      <Filter>Chapter0.0_MainMenu\Actor\SelectBox\Arrow</Filter>
    </ClCompile>
    <ClCompile Include="Arrow2.cpp">
      <Filter>Chapter0.0_MainMenu\Actor\SelectBox\Arrow</Filter>
    </ClCompile>
    <ClCompile Include="Arrow3.cpp">
      <Filter>Chapter0.0_MainMenu\Actor\SelectBox\Arrow</Filter>
    </ClCompile>
    <ClCompile Include="Arrow4.cpp">
      <Filter>Chapter0.0_MainMenu\Actor\SelectBox\Arrow</Filter>
    </ClCompile>
    <ClCompile Include="F_Korea.cpp">
      <Filter>Chapter0.0_MainMenu\Actor\Flag</Filter>
    </ClCompile>
    <ClCompile Include="F_Japan.cpp">
      <Filter>Chapter0.0_MainMenu\Actor\Flag</Filter>
    </ClCompile>
    <ClCompile Include="F_Chinese.cpp">
      <Filter>Chapter0.0_MainMenu\Actor\Flag</Filter>
    </ClCompile>
    <ClCompile Include="F_English.cpp">
      <Filter>Chapter0.0_MainMenu\Actor\Flag</Filter>
    </ClCompile>
    <ClCompile Include="F_French.cpp">
      <Filter>Chapter0.0_MainMenu\Actor\Flag</Filter>
    </ClCompile>
    <ClCompile Include="F_Italian.cpp">
      <Filter>Chapter0.0_MainMenu\Actor\Flag</Filter>
    </ClCompile>
    <ClCompile Include="F_German.cpp">
      <Filter>Chapter0.0_MainMenu\Actor\Flag</Filter>
    </ClCompile>
    <ClCompile Include="F_Spanish.cpp">
      <Filter>Chapter0.0_MainMenu\Actor\Flag</Filter>
    </ClCompile>
    <ClCompile Include="F_Russian.cpp">
      <Filter>Chapter0.0_MainMenu\Actor\Flag</Filter>
    </ClCompile>
    <ClCompile Include="F_Brazilian.cpp">
      <Filter>Chapter0.0_MainMenu\Actor\Flag</Filter>
    </ClCompile>
    <ClCompile Include="DrawaPixel.cpp">
      <Filter>Chapter0.0_MainMenu\Actor\DrawaPixel</Filter>
    </ClCompile>
    <ClCompile Include="StartPictures.cpp">
      <Filter>Chapter0.0_MainMenu\Actor\Panel</Filter>
    </ClCompile>
    <ClCompile Include="C2_BackGround.cpp">
      <Filter>CHapter2.0_Fake Program\Level\BackGround</Filter>
    </ClCompile>
    <ClCompile Include="squirrel.cpp">
      <Filter>CHapter2.0_Fake Program\Actor\Backetc</Filter>
    </ClCompile>
    <ClCompile Include="FolderBackGround.cpp">
      <Filter>CHapter2.0_Fake Program\Actor\Backetc</Filter>
    </ClCompile>
    <ClCompile Include="ClockFolder.cpp">
      <Filter>CHapter2.0_Fake Program\Actor\Folder\OutFolder</Filter>
    </ClCompile>
    <ClCompile Include="LockFolder.cpp">
      <Filter>CHapter2.0_Fake Program\Actor\Folder\OutFolder</Filter>
    </ClCompile>
    <ClCompile Include="MusicFolder.cpp">
      <Filter>CHapter2.0_Fake Program\Actor\Folder\OutFolder</Filter>
    </ClCompile>
    <ClCompile Include="PictureFolder.cpp">
      <Filter>CHapter2.0_Fake Program\Actor\Folder\OutFolder</Filter>
    </ClCompile>
    <ClCompile Include="PrivateFolder.cpp">
      <Filter>CHapter2.0_Fake Program\Actor\Folder\OutFolder</Filter>
    </ClCompile>
    <ClCompile Include="SkiteFolder.cpp">
      <Filter>CHapter2.0_Fake Program\Actor\Folder\OutFolder</Filter>
    </ClCompile>
    <ClCompile Include="ZipWipFolder.cpp">
      <Filter>CHapter2.0_Fake Program\Actor\Folder\OutFolder</Filter>
    </ClCompile>
    <ClCompile Include="TrashcanFolder.cpp">
      <Filter>CHapter2.0_Fake Program\Actor\Folder\OutFolder</Filter>
    </ClCompile>
    <ClCompile Include="TrashcanTop.cpp">
      <Filter>CHapter2.0_Fake Program\Actor\Folder\OutFolder</Filter>
    </ClCompile>
    <ClCompile Include="MusicNote_Walnut.cpp">
      <Filter>CHapter2.0_Fake Program\Actor\Folder\Infolder\MusicFolder\Note</Filter>
    </ClCompile>
    <ClCompile Include="MusicNote_Archive.cpp">
      <Filter>CHapter2.0_Fake Program\Actor\Folder\Infolder\MusicFolder\Note</Filter>
    </ClCompile>
    <ClCompile Include="MusicNote_Rain.cpp">
      <Filter>CHapter2.0_Fake Program\Actor\Folder\Infolder\MusicFolder\Note</Filter>
    </ClCompile>
    <ClCompile Include="MusicNote_Radio.cpp">
      <Filter>CHapter2.0_Fake Program\Actor\Folder\Infolder\MusicFolder\Note</Filter>
    </ClCompile>
    <ClCompile Include="Skite.cpp">
      <Filter>CHapter2.0_Fake Program\Actor\Folder\Infolder\Skite</Filter>
    </ClCompile>
    <ClCompile Include="SkiteBanner.cpp">
      <Filter>CHapter2.0_Fake Program\Actor\Folder\Infolder\Skite</Filter>
    </ClCompile>
    <ClCompile Include="SkiteIcon.cpp">
      <Filter>CHapter2.0_Fake Program\Actor\Folder\Infolder\Skite</Filter>
    </ClCompile>
    <ClCompile Include="SkiteCalling.cpp">
      <Filter>CHapter2.0_Fake Program\Actor\Folder\Infolder\Skite</Filter>
    </ClCompile>
    <ClCompile Include="SkiteCallingMissed.cpp">
      <Filter>CHapter2.0_Fake Program\Actor\Folder\Infolder\Skite</Filter>
    </ClCompile>
    <ClCompile Include="DayIcon.cpp">
      <Filter>CHapter2.0_Fake Program\Actor\Folder\Infolder\Picture\Picture1_Day</Filter>
    </ClCompile>
    <ClCompile Include="DayPicture.cpp">
      <Filter>CHapter2.0_Fake Program\Actor\Folder\Infolder\Picture\Picture1_Day</Filter>
    </ClCompile>
    <ClCompile Include="DayTree.cpp">
      <Filter>CHapter2.0_Fake Program\Actor\Folder\Infolder\Picture\Picture1_Day</Filter>
    </ClCompile>
    <ClCompile Include="PurpleTextBox.cpp">
      <Filter>CHapter2.0_Fake Program\Actor\Folder\Infolder\Picture\PictureUI</Filter>
    </ClCompile>
    <ClCompile Include="DrawerIcon.cpp">
      <Filter>CHapter2.0_Fake Program\Actor\Folder\Infolder\Picture\Picture2_Drawer</Filter>
    </ClCompile>
    <ClCompile Include="DrawerPicture.cpp">
      <Filter>CHapter2.0_Fake Program\Actor\Folder\Infolder\Picture\Picture2_Drawer</Filter>
    </ClCompile>
    <ClCompile Include="CodeIcon.cpp">
      <Filter>CHapter2.0_Fake Program\Actor\Folder\Infolder\Picture\Picture3_Code</Filter>
    </ClCompile>
    <ClCompile Include="CodePicture.cpp">
      <Filter>CHapter2.0_Fake Program\Actor\Folder\Infolder\Picture\Picture3_Code</Filter>
    </ClCompile>
    <ClCompile Include="ClockPanel.cpp">
      <Filter>CHapter2.0_Fake Program\Actor\Folder\Infolder\Clock\ClockUI</Filter>
    </ClCompile>
    <ClCompile Include="ClockUnderBar.cpp">
      <Filter>CHapter2.0_Fake Program\Actor\Folder\Infolder\Clock\ClockUI</Filter>
    </ClCompile>
    <ClCompile Include="Truth1Icon.cpp">
      <Filter>CHapter2.0_Fake Program\Actor\Folder\Infolder\Private\Truth</Filter>
    </ClCompile>
    <ClCompile Include="Truth2Icon.cpp">
      <Filter>CHapter2.0_Fake Program\Actor\Folder\Infolder\Private\Truth</Filter>
    </ClCompile>
    <ClCompile Include="Truth3Icon.cpp">
      <Filter>CHapter2.0_Fake Program\Actor\Folder\Infolder\Private\Truth</Filter>
    </ClCompile>
    <ClCompile Include="USMissIcon.cpp">
      <Filter>CHapter2.0_Fake Program\Actor\Folder\Infolder\Private\18+Miss</Filter>
    </ClCompile>
    <ClCompile Include="FRMissIcon.cpp">
      <Filter>CHapter2.0_Fake Program\Actor\Folder\Infolder\Private\18+Miss</Filter>
    </ClCompile>
    <ClCompile Include="JPMissIcon.cpp">
      <Filter>CHapter2.0_Fake Program\Actor\Folder\Infolder\Private\18+Miss</Filter>
    </ClCompile>
    <ClCompile Include="MissPicture.cpp">
      <Filter>CHapter2.0_Fake Program\Actor\Folder\Infolder\Private\18+Miss\MissPicture</Filter>
    </ClCompile>
    <ClCompile Include="SuperPrivate.cpp">
      <Filter>CHapter2.0_Fake Program\Actor\Folder\Infolder\Private\File</Filter>
    </ClCompile>
    <ClCompile Include="UltraPrivate.cpp">
      <Filter>CHapter2.0_Fake Program\Actor\Folder\Infolder\Private\File</Filter>
    </ClCompile>
    <ClCompile Include="GigaPrivate.cpp">
      <Filter>CHapter2.0_Fake Program\Actor\Folder\Infolder\Private\File</Filter>
    </ClCompile>
    <ClCompile Include="Private18.cpp">
      <Filter>CHapter2.0_Fake Program\Actor\Folder\Infolder\Private\File</Filter>
    </ClCompile>
    <ClCompile Include="ClockDayandNight.cpp">
      <Filter>CHapter2.0_Fake Program\Actor\Folder\Infolder\Clock\ClockDay</Filter>
    </ClCompile>
    <ClCompile Include="ClockBranch.cpp">
      <Filter>CHapter2.0_Fake Program\Actor\Folder\Infolder\Clock\ClockDay</Filter>
    </ClCompile>
    <ClCompile Include="PictureFolderPanel.cpp">
      <Filter>CHapter2.0_Fake Program\Actor\Folder\Infolder\Picture\PictureUI</Filter>
    </ClCompile>
    <ClCompile Include="PasswordIcon.cpp">
      <Filter>CHapter2.0_Fake Program\Actor\Folder\Infolder\Trashcan\File</Filter>
    </ClCompile>
    <ClCompile Include="GoodbyeIcon.cpp">
      <Filter>CHapter2.0_Fake Program\Actor\Folder\Infolder\Trashcan\File</Filter>
    </ClCompile>
    <ClCompile Include="PinBall_BackGround.cpp">
      <Filter>CHapter2.0_Fake Program\Actor\Folder\Infolder\Trashcan\PinBall\Back</Filter>
    </ClCompile>
    <ClCompile Include="PinBall_Ball.cpp">
      <Filter>CHapter2.0_Fake Program\Actor\Folder\Infolder\Trashcan\PinBall\Interaction</Filter>
    </ClCompile>
    <ClCompile Include="PinBall_Bumper50.cpp">
      <Filter>CHapter2.0_Fake Program\Actor\Folder\Infolder\Trashcan\PinBall\Interaction</Filter>
    </ClCompile>
    <ClCompile Include="PinBall_Racket.cpp">
      <Filter>CHapter2.0_Fake Program\Actor\Folder\Infolder\Trashcan\PinBall\Interaction</Filter>
    </ClCompile>
    <ClCompile Include="PinBall_SideTable.cpp">
      <Filter>CHapter2.0_Fake Program\Actor\Folder\Infolder\Trashcan\PinBall\Back</Filter>
    </ClCompile>
    <ClCompile Include="PinBall_Icon.cpp">
      <Filter>CHapter2.0_Fake Program\Actor\Folder\Infolder\Trashcan\PinBall\Icon+etc</Filter>
    </ClCompile>
    <ClCompile Include="PinBall_Score.cpp">
      <Filter>CHapter2.0_Fake Program\Actor\Folder\Infolder\Trashcan\PinBall\Back</Filter>
    </ClCompile>
    <ClCompile Include="PinBall_HaloCup.cpp">
      <Filter>CHapter2.0_Fake Program\Actor\Folder\Infolder\Trashcan\PinBall\Icon+etc</Filter>
    </ClCompile>
    <ClCompile Include="PinBall_Bumper100.cpp">
      <Filter>CHapter2.0_Fake Program\Actor\Folder\Infolder\Trashcan\PinBall\Interaction</Filter>
    </ClCompile>
    <ClCompile Include="PinBall_LeftBoxFond.cpp">
      <Filter>CHapter2.0_Fake Program\Actor\Folder\Infolder\Trashcan\PinBall\Back</Filter>
    </ClCompile>
    <ClCompile Include="PinBall_RightBoxFond.cpp">
      <Filter>CHapter2.0_Fake Program\Actor\Folder\Infolder\Trashcan\PinBall\Back</Filter>
    </ClCompile>
    <ClCompile Include="Mouse.cpp">
      <Filter>CommonUI</Filter>
    </ClCompile>
    <ClCompile Include="Cup.cpp">
      <Filter>CHapter2.0_Fake Program\Actor\ScreenActor</Filter>
    </ClCompile>
    <ClCompile Include="Decapsuleur.cpp">
      <Filter>CHapter2.0_Fake Program\Actor\ScreenActor</Filter>
    </ClCompile>
    <ClCompile Include="Nut_Open.cpp">
      <Filter>CHapter2.0_Fake Program\Actor\ScreenActor</Filter>
    </ClCompile>
    <ClCompile Include="Nut_Close.cpp">
      <Filter>CHapter2.0_Fake Program\Actor\ScreenActor</Filter>
    </ClCompile>
    <ClCompile Include="S_ActorBase.cpp">
      <Filter>Actor Base</Filter>
    </ClCompile>
    <ClCompile Include="SquirrelKey.cpp">
      <Filter>CHapter2.0_Fake Program\Actor\ScreenActor</Filter>
    </ClCompile>
    <ClCompile Include="Cup_Full.cpp">
      <Filter>CHapter2.0_Fake Program\Actor\ScreenActor</Filter>
    </ClCompile>
    <ClCompile Include="LoadBarTXT.cpp">
      <Filter>Chapter1.5_Program Loading\Actor</Filter>
    </ClCompile>
    <ClCompile Include="LoadBarBack.cpp">
      <Filter>Chapter1.5_Program Loading\Actor</Filter>
    </ClCompile>
    <ClCompile Include="LoadRedBar.cpp">
      <Filter>Chapter1.5_Program Loading\Actor</Filter>
    </ClCompile>
    <ClCompile Include="LoadErrorPaper.cpp">
      <Filter>Chapter1.5_Program Loading\Actor</Filter>
    </ClCompile>
    <ClCompile Include="MediaPause.cpp">
      <Filter>CHapter2.0_Fake Program\Actor\Folder\Infolder\MusicFolder\MusicActor</Filter>
    </ClCompile>
    <ClCompile Include="MediaPicture.cpp">
      <Filter>CHapter2.0_Fake Program\Actor\Folder\Infolder\MusicFolder\MusicActor</Filter>
    </ClCompile>
    <ClCompile Include="MediaPlay.cpp">
      <Filter>CHapter2.0_Fake Program\Actor\Folder\Infolder\MusicFolder\MusicActor</Filter>
    </ClCompile>
    <ClCompile Include="MediaPlayer.cpp">
      <Filter>CHapter2.0_Fake Program\Actor\Folder\Infolder\MusicFolder\MusicActor</Filter>
    </ClCompile>
    <ClCompile Include="MusicFolderPanel.cpp">
      <Filter>CHapter2.0_Fake Program\Actor\Folder\Infolder\MusicFolder\MusicActor</Filter>
    </ClCompile>
    <ClCompile Include="FolderNote.cpp">
      <Filter>CHapter2.0_Fake Program\Actor\Folder\FloderUI\FolderNote</Filter>
    </ClCompile>
    <ClCompile Include="RightRotate.cpp">
      <Filter>CHapter2.0_Fake Program\Actor\Folder\FloderUI\Rotate</Filter>
    </ClCompile>
    <ClCompile Include="LeftRotate.cpp">
      <Filter>CHapter2.0_Fake Program\Actor\Folder\FloderUI\Rotate</Filter>
    </ClCompile>
    <ClCompile Include="BoxCroix_Music.cpp">
      <Filter>CHapter2.0_Fake Program\Actor\Folder\FloderUI\BoxCroix\B_Music</Filter>
    </ClCompile>
    <ClCompile Include="BoxCroix_Skite.cpp">
      <Filter>CHapter2.0_Fake Program\Actor\Folder\FloderUI\BoxCroix\B_Skite</Filter>
    </ClCompile>
    <ClCompile Include="BoxCroix_CodePicture.cpp">
      <Filter>CHapter2.0_Fake Program\Actor\Folder\FloderUI\BoxCroix\B_Picture</Filter>
    </ClCompile>
    <ClCompile Include="BoxCroix_DayPicture.cpp">
      <Filter>CHapter2.0_Fake Program\Actor\Folder\FloderUI\BoxCroix\B_Picture</Filter>
    </ClCompile>
    <ClCompile Include="BoxCroix_DrawerPicture.cpp">
      <Filter>CHapter2.0_Fake Program\Actor\Folder\FloderUI\BoxCroix\B_Picture</Filter>
    </ClCompile>
    <ClCompile Include="BoxCroix_PictureFolder.cpp">
      <Filter>CHapter2.0_Fake Program\Actor\Folder\FloderUI\BoxCroix\B_Picture</Filter>
    </ClCompile>
    <ClCompile Include="PrivatePanel.cpp">
      <Filter>CHapter2.0_Fake Program\Actor\Folder\Infolder\Private\PrivateUI\Panel</Filter>
    </ClCompile>
    <ClCompile Include="PrivatePanel_Ultra.cpp">
      <Filter>CHapter2.0_Fake Program\Actor\Folder\Infolder\Private\PrivateUI\Panel</Filter>
    </ClCompile>
    <ClCompile Include="PrivatePanel_Giga.cpp">
      <Filter>CHapter2.0_Fake Program\Actor\Folder\Infolder\Private\PrivateUI\Panel</Filter>
    </ClCompile>
    <ClCompile Include="PrivatePanel_18.cpp">
      <Filter>CHapter2.0_Fake Program\Actor\Folder\Infolder\Private\PrivateUI\Panel</Filter>
    </ClCompile>
    <ClCompile Include="PrivatePanel_Miss.cpp">
      <Filter>CHapter2.0_Fake Program\Actor\Folder\Infolder\Private\PrivateUI\Panel</Filter>
    </ClCompile>
    <ClCompile Include="BoxCroix_PR_18.cpp">
      <Filter>CHapter2.0_Fake Program\Actor\Folder\FloderUI\BoxCroix\B_Private\folder</Filter>
    </ClCompile>
    <ClCompile Include="BoxCroix_PR_Giga.cpp">
      <Filter>CHapter2.0_Fake Program\Actor\Folder\FloderUI\BoxCroix\B_Private\folder</Filter>
    </ClCompile>
    <ClCompile Include="BoxCroix_PR_Super.cpp">
      <Filter>CHapter2.0_Fake Program\Actor\Folder\FloderUI\BoxCroix\B_Private\folder</Filter>
    </ClCompile>
    <ClCompile Include="BoxCroix_PR_Ultra.cpp">
      <Filter>CHapter2.0_Fake Program\Actor\Folder\FloderUI\BoxCroix\B_Private\folder</Filter>
    </ClCompile>
    <ClCompile Include="BoxCroix_PR_Miss.cpp">
      <Filter>CHapter2.0_Fake Program\Actor\Folder\FloderUI\BoxCroix\B_Private\miss</Filter>
    </ClCompile>
    <ClCompile Include="BoxCroix_PR_MissPicture.cpp">
      <Filter>CHapter2.0_Fake Program\Actor\Folder\FloderUI\BoxCroix\B_Private\miss</Filter>
    </ClCompile>
    <ClCompile Include="FolderNote2.cpp">
      <Filter>CHapter2.0_Fake Program\Actor\Folder\FloderUI\FolderNote</Filter>
    </ClCompile>
    <ClCompile Include="FolderNote3.cpp">
      <Filter>CHapter2.0_Fake Program\Actor\Folder\FloderUI\FolderNote</Filter>
    </ClCompile>
    <ClCompile Include="BoxCroix_FN1.cpp">
      <Filter>CHapter2.0_Fake Program\Actor\Folder\FloderUI\BoxCroix\B_Private\FolderNote</Filter>
    </ClCompile>
    <ClCompile Include="BoxCroix_FN2.cpp">
      <Filter>CHapter2.0_Fake Program\Actor\Folder\FloderUI\BoxCroix\B_Private\FolderNote</Filter>
    </ClCompile>
    <ClCompile Include="BoxCroix_FN3.cpp">
      <Filter>CHapter2.0_Fake Program\Actor\Folder\FloderUI\BoxCroix\B_Private\FolderNote</Filter>
    </ClCompile>
    <ClCompile Include="BoxCroix_ClockPanel.cpp">
      <Filter>CHapter2.0_Fake Program\Actor\Folder\FloderUI\BoxCroix\B_Clock</Filter>
    </ClCompile>
    <ClCompile Include="ClockPaddle0.cpp">
      <Filter>CHapter2.0_Fake Program\Actor\Folder\Infolder\Clock\ClockPaddle\Paddle</Filter>
    </ClCompile>
    <ClCompile Include="ClockPaddle1.cpp">
      <Filter>CHapter2.0_Fake Program\Actor\Folder\Infolder\Clock\ClockPaddle\Paddle</Filter>
    </ClCompile>
    <ClCompile Include="ClockPaddle2.cpp">
      <Filter>CHapter2.0_Fake Program\Actor\Folder\Infolder\Clock\ClockPaddle\Paddle</Filter>
    </ClCompile>
    <ClCompile Include="ClockPaddle3.cpp">
      <Filter>CHapter2.0_Fake Program\Actor\Folder\Infolder\Clock\ClockPaddle\Paddle</Filter>
    </ClCompile>
    <ClCompile Include="ClockPaddle4.cpp">
      <Filter>CHapter2.0_Fake Program\Actor\Folder\Infolder\Clock\ClockPaddle\Paddle</Filter>
    </ClCompile>
    <ClCompile Include="ClockPaddle5.cpp">
      <Filter>CHapter2.0_Fake Program\Actor\Folder\Infolder\Clock\ClockPaddle\Paddle</Filter>
    </ClCompile>
    <ClCompile Include="ClockPaddle6.cpp">
      <Filter>CHapter2.0_Fake Program\Actor\Folder\Infolder\Clock\ClockPaddle\Paddle</Filter>
    </ClCompile>
    <ClCompile Include="ClockPaddle7.cpp">
      <Filter>CHapter2.0_Fake Program\Actor\Folder\Infolder\Clock\ClockPaddle\Paddle</Filter>
    </ClCompile>
    <ClCompile Include="ClockPaddle8.cpp">
      <Filter>CHapter2.0_Fake Program\Actor\Folder\Infolder\Clock\ClockPaddle\Paddle</Filter>
    </ClCompile>
    <ClCompile Include="ClockPaddle9.cpp">
      <Filter>CHapter2.0_Fake Program\Actor\Folder\Infolder\Clock\ClockPaddle\Paddle</Filter>
    </ClCompile>
    <ClCompile Include="BoxCroix_ClockDay.cpp">
      <Filter>CHapter2.0_Fake Program\Actor\Folder\FloderUI\BoxCroix\B_Clock</Filter>
    </ClCompile>
    <ClCompile Include="TrashCanFolderPanel.cpp">
      <Filter>CHapter2.0_Fake Program\Actor\Folder\Infolder\Trashcan\File</Filter>
    </ClCompile>
    <ClCompile Include="BoxCroix_TrashCanFolder.cpp">
      <Filter>CHapter2.0_Fake Program\Actor\Folder\FloderUI\BoxCroix\B_TrashCan</Filter>
    </ClCompile>
    <ClCompile Include="FolderNote_Password.cpp">
      <Filter>CHapter2.0_Fake Program\Actor\Folder\FloderUI\FolderNote</Filter>
    </ClCompile>
    <ClCompile Include="FolderNote_GoodBye.cpp">
      <Filter>CHapter2.0_Fake Program\Actor\Folder\FloderUI\FolderNote</Filter>
    </ClCompile>
    <ClCompile Include="SquirrelCloud_Need.cpp">
      <Filter>CHapter2.0_Fake Program\Actor\Backetc</Filter>
    </ClCompile>
    <ClCompile Include="SquirrelCloud_Crack.cpp">
      <Filter>CHapter2.0_Fake Program\Actor\Backetc</Filter>
    </ClCompile>
    <ClCompile Include="BackSqirrelKey.cpp">
      <Filter>CHapter2.0_Fake Program\Actor\Backetc</Filter>
    </ClCompile>
    <ClCompile Include="SquirrelKeyMiddle.cpp">
      <Filter>CHapter2.0_Fake Program\Actor\ScreenActor</Filter>
    </ClCompile>
    <ClCompile Include="SquirrelKeySmall.cpp">
      <Filter>CHapter2.0_Fake Program\Actor\ScreenActor</Filter>
    </ClCompile>
    <ClCompile Include="LevelStateManager.cpp">
      <Filter>CHapter2.0_Fake Program\Level</Filter>
    </ClCompile>
    <ClCompile Include="SkiteProfil.cpp">
      <Filter>CHapter2.0_Fake Program\Actor\Folder\Infolder\Skite</Filter>
    </ClCompile>
    <ClCompile Include="C1_BackGround.cpp">
      <Filter>Chapter1.0_Play within a play\Level\BackGround</Filter>
    </ClCompile>
    <ClCompile Include="Cursor.cpp">
      <Filter>Chapter1.0_Play within a play\Actor\ScreenActor</Filter>
    </ClCompile>
    <ClCompile Include="Cog.cpp">
      <Filter>Chapter1.0_Play within a play\Actor\ScreenActor</Filter>
    </ClCompile>
    <ClCompile Include="French.cpp">
      <Filter>Chapter1.0_Play within a play\Actor\ScreenActor</Filter>
    </ClCompile>
    <ClCompile Include="Key.cpp">
      <Filter>Chapter1.0_Play within a play\Actor\ScreenActor</Filter>
    </ClCompile>
    <ClCompile Include="Raquette.cpp">
      <Filter>Chapter1.0_Play within a play\Actor\ScreenActor</Filter>
    </ClCompile>
    <ClCompile Include="RouageLoad.cpp">
      <Filter>Chapter1.0_Play within a play\Actor\ScreenActor</Filter>
    </ClCompile>
    <ClCompile Include="Scissor.cpp">
      <Filter>Chapter1.0_Play within a play\Actor\ScreenActor</Filter>
    </ClCompile>
    <ClCompile Include="Speaker.cpp">
      <Filter>Chapter1.0_Play within a play\Actor\ScreenActor</Filter>
    </ClCompile>
    <ClCompile Include="TitleMetal.cpp">
      <Filter>Chapter1.0_Play within a play\Actor\ScreenActor</Filter>
    </ClCompile>
    <ClCompile Include="CoffreFort.cpp">
      <Filter>Chapter1.0_Play within a play\Actor\BackActor\CoffreFort</Filter>
    </ClCompile>
    <ClCompile Include="CoffreFortHandle.cpp">
      <Filter>Chapter1.0_Play within a play\Actor\BackActor\CoffreFort</Filter>
    </ClCompile>
    <ClCompile Include="CoffreFortPanel.cpp">
      <Filter>Chapter1.0_Play within a play\Actor\BackActor\CoffreFort</Filter>
    </ClCompile>
    <ClCompile Include="Lope_Corde.cpp">
      <Filter>Chapter1.0_Play within a play\Actor\BackActor\Lope</Filter>
    </ClCompile>
    <ClCompile Include="Lope_Corde_Weak.cpp">
      <Filter>Chapter1.0_Play within a play\Actor\BackActor\Lope</Filter>
    </ClCompile>
    <ClCompile Include="Cordon.cpp">
      <Filter>Chapter1.0_Play within a play\Actor\BackActor\Lope</Filter>
    </ClCompile>
    <ClCompile Include="BalloonSecure.cpp">
      <Filter>Chapter1.0_Play within a play\Actor\BackActor\Lope</Filter>
    </ClCompile>
    <ClCompile Include="BackGround_White.cpp">
      <Filter>CommonUI</Filter>
    </ClCompile>
    <ClCompile Include="Vis.cpp">
      <Filter>Chapter1.0_Play within a play\Actor\BackActor\Etc</Filter>
    </ClCompile>
    <ClCompile Include="Board.cpp">
      <Filter>Chapter1.0_Play within a play\Actor\BackActor\InterActor</Filter>
    </ClCompile>
    <ClCompile Include="Plaque.cpp">
      <Filter>Chapter1.0_Play within a play\Actor\BackActor\InterActor</Filter>
    </ClCompile>
    <ClCompile Include="Play within a play LevelState.cpp">
      <Filter>Chapter1.0_Play within a play\Level</Filter>
    </ClCompile>
    <ClCompile Include="Lope_Chain.cpp">
      <Filter>Chapter1.0_Play within a play\Actor\BackActor\Lope</Filter>
    </ClCompile>
    <ClCompile Include="A_TitleCube.cpp">
      <Filter>Chapter1.0_Play within a play\Actor\BackActor\Block_ThereIsNoGame\Normal\Alphabet</Filter>
    </ClCompile>
    <ClCompile Include="E_TitleCube.cpp">
      <Filter>Chapter1.0_Play within a play\Actor\BackActor\Block_ThereIsNoGame\Normal\Alphabet</Filter>
    </ClCompile>
    <ClCompile Include="G_TitleCube.cpp">
      <Filter>Chapter1.0_Play within a play\Actor\BackActor\Block_ThereIsNoGame\Normal\Alphabet</Filter>
    </ClCompile>
    <ClCompile Include="H_TitleCube.cpp">
      <Filter>Chapter1.0_Play within a play\Actor\BackActor\Block_ThereIsNoGame\Normal\Alphabet</Filter>
    </ClCompile>
    <ClCompile Include="I_TitleCube.cpp">
      <Filter>Chapter1.0_Play within a play\Actor\BackActor\Block_ThereIsNoGame\Normal\Alphabet</Filter>
    </ClCompile>
    <ClCompile Include="M_TitleCube.cpp">
      <Filter>Chapter1.0_Play within a play\Actor\BackActor\Block_ThereIsNoGame\Normal\Alphabet</Filter>
    </ClCompile>
    <ClCompile Include="N_TitleCube.cpp">
      <Filter>Chapter1.0_Play within a play\Actor\BackActor\Block_ThereIsNoGame\Normal\Alphabet</Filter>
    </ClCompile>
    <ClCompile Include="O_TitleCube.cpp">
      <Filter>Chapter1.0_Play within a play\Actor\BackActor\Block_ThereIsNoGame\Normal\Alphabet</Filter>
    </ClCompile>
    <ClCompile Include="R_TitleCube.cpp">
      <Filter>Chapter1.0_Play within a play\Actor\BackActor\Block_ThereIsNoGame\Normal\Alphabet</Filter>
    </ClCompile>
    <ClCompile Include="S_TitleCube.cpp">
      <Filter>Chapter1.0_Play within a play\Actor\BackActor\Block_ThereIsNoGame\Normal\Alphabet</Filter>
    </ClCompile>
    <ClCompile Include="T_TitleCube.cpp">
      <Filter>Chapter1.0_Play within a play\Actor\BackActor\Block_ThereIsNoGame\Normal\Alphabet</Filter>
    </ClCompile>
    <ClCompile Include="Excla_TitleCube.cpp">
      <Filter>Chapter1.0_Play within a play\Actor\BackActor\Block_ThereIsNoGame\Normal\Excla,Ball</Filter>
    </ClCompile>
    <ClCompile Include="Ball_TitleCube.cpp">
      <Filter>Chapter1.0_Play within a play\Actor\BackActor\Block_ThereIsNoGame\Normal\Excla,Ball</Filter>
    </ClCompile>
    <ClCompile Include="RE_TitleCube.cpp">
      <Filter>Chapter1.0_Play within a play\Actor\BackActor\Block_ThereIsNoGame\Normal\Alphabet</Filter>
    </ClCompile>
    <ClCompile Include="ME_TitleCube.cpp">
      <Filter>Chapter1.0_Play within a play\Actor\BackActor\Block_ThereIsNoGame\Normal\Alphabet</Filter>
    </ClCompile>
    <ClCompile Include="BackCurtain_Main.cpp">
      <Filter>CommonUI</Filter>
    </ClCompile>
    <ClCompile Include="FadeEffect.cpp">
      <Filter>Actor Base</Filter>
    </ClCompile>
  </ItemGroup>
  <ItemGroup>
    <ClInclude Include="ContentsCore.h">
      <Filter>Core</Filter>
    </ClInclude>
    <ClInclude Include="PrecompileHeader.h">
      <Filter>Core</Filter>
    </ClInclude>
    <ClInclude Include="MainMenuLevel.h">
      <Filter>Chapter0.0_MainMenu\Level</Filter>
    </ClInclude>
    <ClInclude Include="Chain.h">
      <Filter>CommonUI</Filter>
    </ClInclude>
    <ClInclude Include="AlphaCircle.h">
      <Filter>CommonUI</Filter>
    </ClInclude>
    <ClInclude Include="SelectBox.h">
      <Filter>Chapter0.0_MainMenu\Actor\SelectBox</Filter>
    </ClInclude>
    <ClInclude Include="G_ActorBase.h">
      <Filter>Actor Base</Filter>
    </ClInclude>
    <ClInclude Include="BackCurtain.h">
      <Filter>CommonUI</Filter>
    </ClInclude>
    <ClInclude Include="Program Loading Level.h">
      <Filter>Chapter1.5_Program Loading\Level</Filter>
    </ClInclude>
    <ClInclude Include="Play within a play Level.h">
      <Filter>Chapter1.0_Play within a play\Level</Filter>
    </ClInclude>
    <ClInclude Include="Fake Program Level.h">
      <Filter>CHapter2.0_Fake Program\Level</Filter>
    </ClInclude>
    <ClInclude Include="C_0Letter_E.h">
      <Filter>Chapter0.0_MainMenu\Actor\Letter\There is</Filter>
    </ClInclude>
    <ClInclude Include="C_0Letter_H .h">
      <Filter>Chapter0.0_MainMenu\Actor\Letter\There is</Filter>
    </ClInclude>
    <ClInclude Include="C_0Letter_I.h">
      <Filter>Chapter0.0_MainMenu\Actor\Letter\There is</Filter>
    </ClInclude>
    <ClInclude Include="C_0Letter_R.h">
      <Filter>Chapter0.0_MainMenu\Actor\Letter\There is</Filter>
    </ClInclude>
    <ClInclude Include="C_0Letter_S.h">
      <Filter>Chapter0.0_MainMenu\Actor\Letter\There is</Filter>
    </ClInclude>
    <ClInclude Include="C_0Letter_sE.h">
      <Filter>Chapter0.0_MainMenu\Actor\Letter\There is</Filter>
    </ClInclude>
    <ClInclude Include="C_0Letter_T.h">
      <Filter>Chapter0.0_MainMenu\Actor\Letter\There is</Filter>
    </ClInclude>
    <ClInclude Include="C_0Letter_N.h">
      <Filter>Chapter0.0_MainMenu\Actor\Letter\No game</Filter>
    </ClInclude>
    <ClInclude Include="C_0Letter_O.h">
      <Filter>Chapter0.0_MainMenu\Actor\Letter\No game</Filter>
    </ClInclude>
    <ClInclude Include="C_0Letter_G.h">
      <Filter>Chapter0.0_MainMenu\Actor\Letter\No game</Filter>
    </ClInclude>
    <ClInclude Include="C_0Letter_A.h">
      <Filter>Chapter0.0_MainMenu\Actor\Letter\No game</Filter>
    </ClInclude>
    <ClInclude Include="C_0Letter_M.h">
      <Filter>Chapter0.0_MainMenu\Actor\Letter\No game</Filter>
    </ClInclude>
    <ClInclude Include="C_0Letter_e2.h">
      <Filter>Chapter0.0_MainMenu\Actor\Letter\No game</Filter>
    </ClInclude>
    <ClInclude Include="Panel_Continue.h">
      <Filter>Chapter0.0_MainMenu\Actor\Panel</Filter>
    </ClInclude>
    <ClInclude Include="Panel_Back.h">
      <Filter>Chapter0.0_MainMenu\Actor\Panel</Filter>
    </ClInclude>
    <ClInclude Include="Arrow.h">
      <Filter>Chapter0.0_MainMenu\Actor\SelectBox\Arrow</Filter>
    </ClInclude>
    <ClInclude Include="Arrow1.h">
      <Filter>Chapter0.0_MainMenu\Actor\SelectBox\Arrow</Filter>
    </ClInclude>
    <ClInclude Include="Arrow2.h">
      <Filter>Chapter0.0_MainMenu\Actor\SelectBox\Arrow</Filter>
    </ClInclude>
    <ClInclude Include="Arrow3.h">
      <Filter>Chapter0.0_MainMenu\Actor\SelectBox\Arrow</Filter>
    </ClInclude>
    <ClInclude Include="Arrow4.h">
      <Filter>Chapter0.0_MainMenu\Actor\SelectBox\Arrow</Filter>
    </ClInclude>
    <ClInclude Include="F_Korea.h">
      <Filter>Chapter0.0_MainMenu\Actor\Flag</Filter>
    </ClInclude>
    <ClInclude Include="F_Japan.h">
      <Filter>Chapter0.0_MainMenu\Actor\Flag</Filter>
    </ClInclude>
    <ClInclude Include="F_Chinese.h">
      <Filter>Chapter0.0_MainMenu\Actor\Flag</Filter>
    </ClInclude>
    <ClInclude Include="F_English.h">
      <Filter>Chapter0.0_MainMenu\Actor\Flag</Filter>
    </ClInclude>
    <ClInclude Include="F_French.h">
      <Filter>Chapter0.0_MainMenu\Actor\Flag</Filter>
    </ClInclude>
    <ClInclude Include="F_Italian.h">
      <Filter>Chapter0.0_MainMenu\Actor\Flag</Filter>
    </ClInclude>
    <ClInclude Include="F_German.h">
      <Filter>Chapter0.0_MainMenu\Actor\Flag</Filter>
    </ClInclude>
    <ClInclude Include="F_Spanish.h">
      <Filter>Chapter0.0_MainMenu\Actor\Flag</Filter>
    </ClInclude>
    <ClInclude Include="F_Russian.h">
      <Filter>Chapter0.0_MainMenu\Actor\Flag</Filter>
    </ClInclude>
    <ClInclude Include="F_Brazilian.h">
      <Filter>Chapter0.0_MainMenu\Actor\Flag</Filter>
    </ClInclude>
    <ClInclude Include="DrawaPixel.h">
      <Filter>Chapter0.0_MainMenu\Actor\DrawaPixel</Filter>
    </ClInclude>
    <ClInclude Include="StartPictures.h">
      <Filter>Chapter0.0_MainMenu\Actor\Panel</Filter>
    </ClInclude>
    <ClInclude Include="C2_BackGround.h">
      <Filter>CHapter2.0_Fake Program\Level\BackGround</Filter>
    </ClInclude>
    <ClInclude Include="squirrel.h">
      <Filter>CHapter2.0_Fake Program\Actor\Backetc</Filter>
    </ClInclude>
    <ClInclude Include="FolderBackGround.h">
      <Filter>CHapter2.0_Fake Program\Actor\Backetc</Filter>
    </ClInclude>
    <ClInclude Include="ClockFolder.h">
      <Filter>CHapter2.0_Fake Program\Actor\Folder\OutFolder</Filter>
    </ClInclude>
    <ClInclude Include="LockFolder.h">
      <Filter>CHapter2.0_Fake Program\Actor\Folder\OutFolder</Filter>
    </ClInclude>
    <ClInclude Include="MusicFolder.h">
      <Filter>CHapter2.0_Fake Program\Actor\Folder\OutFolder</Filter>
    </ClInclude>
    <ClInclude Include="PictureFolder.h">
      <Filter>CHapter2.0_Fake Program\Actor\Folder\OutFolder</Filter>
    </ClInclude>
    <ClInclude Include="PrivateFolder.h">
      <Filter>CHapter2.0_Fake Program\Actor\Folder\OutFolder</Filter>
    </ClInclude>
    <ClInclude Include="SkiteFolder.h">
      <Filter>CHapter2.0_Fake Program\Actor\Folder\OutFolder</Filter>
    </ClInclude>
    <ClInclude Include="ZipWipFolder.h">
      <Filter>CHapter2.0_Fake Program\Actor\Folder\OutFolder</Filter>
    </ClInclude>
    <ClInclude Include="TrashcanFolder.h">
      <Filter>CHapter2.0_Fake Program\Actor\Folder\OutFolder</Filter>
    </ClInclude>
    <ClInclude Include="TrashcanTop.h">
      <Filter>CHapter2.0_Fake Program\Actor\Folder\OutFolder</Filter>
    </ClInclude>
    <ClInclude Include="MusicNote_Walnut.h">
      <Filter>CHapter2.0_Fake Program\Actor\Folder\Infolder\MusicFolder\Note</Filter>
    </ClInclude>
    <ClInclude Include="MusicNote_Archive.h">
      <Filter>CHapter2.0_Fake Program\Actor\Folder\Infolder\MusicFolder\Note</Filter>
    </ClInclude>
    <ClInclude Include="MusicNote_Rain.h">
      <Filter>CHapter2.0_Fake Program\Actor\Folder\Infolder\MusicFolder\Note</Filter>
    </ClInclude>
    <ClInclude Include="MusicNote_Radio.h">
      <Filter>CHapter2.0_Fake Program\Actor\Folder\Infolder\MusicFolder\Note</Filter>
    </ClInclude>
    <ClInclude Include="Skite.h">
      <Filter>CHapter2.0_Fake Program\Actor\Folder\Infolder\Skite</Filter>
    </ClInclude>
    <ClInclude Include="SkiteBanner.h">
      <Filter>CHapter2.0_Fake Program\Actor\Folder\Infolder\Skite</Filter>
    </ClInclude>
    <ClInclude Include="SkiteIcon.h">
      <Filter>CHapter2.0_Fake Program\Actor\Folder\Infolder\Skite</Filter>
    </ClInclude>
    <ClInclude Include="SkiteCalling.h">
      <Filter>CHapter2.0_Fake Program\Actor\Folder\Infolder\Skite</Filter>
    </ClInclude>
    <ClInclude Include="SkiteCallingMissed.h">
      <Filter>CHapter2.0_Fake Program\Actor\Folder\Infolder\Skite</Filter>
    </ClInclude>
    <ClInclude Include="DayIcon.h">
      <Filter>CHapter2.0_Fake Program\Actor\Folder\Infolder\Picture\Picture1_Day</Filter>
    </ClInclude>
    <ClInclude Include="DayPicture.h">
      <Filter>CHapter2.0_Fake Program\Actor\Folder\Infolder\Picture\Picture1_Day</Filter>
    </ClInclude>
    <ClInclude Include="DayTree.h">
      <Filter>CHapter2.0_Fake Program\Actor\Folder\Infolder\Picture\Picture1_Day</Filter>
    </ClInclude>
    <ClInclude Include="PurpleTextBox.h">
      <Filter>CHapter2.0_Fake Program\Actor\Folder\Infolder\Picture\PictureUI</Filter>
    </ClInclude>
    <ClInclude Include="DrawerIcon.h">
      <Filter>CHapter2.0_Fake Program\Actor\Folder\Infolder\Picture\Picture2_Drawer</Filter>
    </ClInclude>
    <ClInclude Include="DrawerPicture.h">
      <Filter>CHapter2.0_Fake Program\Actor\Folder\Infolder\Picture\Picture2_Drawer</Filter>
    </ClInclude>
    <ClInclude Include="CodeIcon.h">
      <Filter>CHapter2.0_Fake Program\Actor\Folder\Infolder\Picture\Picture3_Code</Filter>
    </ClInclude>
    <ClInclude Include="CodePicture.h">
      <Filter>CHapter2.0_Fake Program\Actor\Folder\Infolder\Picture\Picture3_Code</Filter>
    </ClInclude>
    <ClInclude Include="ClockPanel.h">
      <Filter>CHapter2.0_Fake Program\Actor\Folder\Infolder\Clock\ClockUI</Filter>
    </ClInclude>
    <ClInclude Include="ClockUnderBar.h">
      <Filter>CHapter2.0_Fake Program\Actor\Folder\Infolder\Clock\ClockUI</Filter>
    </ClInclude>
    <ClInclude Include="Truth1Icon.h">
      <Filter>CHapter2.0_Fake Program\Actor\Folder\Infolder\Private\Truth</Filter>
    </ClInclude>
    <ClInclude Include="Truth2Icon.h">
      <Filter>CHapter2.0_Fake Program\Actor\Folder\Infolder\Private\Truth</Filter>
    </ClInclude>
    <ClInclude Include="Truth3Icon.h">
      <Filter>CHapter2.0_Fake Program\Actor\Folder\Infolder\Private\Truth</Filter>
    </ClInclude>
    <ClInclude Include="USMissIcon.h">
      <Filter>CHapter2.0_Fake Program\Actor\Folder\Infolder\Private\18+Miss</Filter>
    </ClInclude>
    <ClInclude Include="FRMissIcon.h">
      <Filter>CHapter2.0_Fake Program\Actor\Folder\Infolder\Private\18+Miss</Filter>
    </ClInclude>
    <ClInclude Include="JPMissIcon.h">
      <Filter>CHapter2.0_Fake Program\Actor\Folder\Infolder\Private\18+Miss</Filter>
    </ClInclude>
    <ClInclude Include="MissPicture.h">
      <Filter>CHapter2.0_Fake Program\Actor\Folder\Infolder\Private\18+Miss\MissPicture</Filter>
    </ClInclude>
    <ClInclude Include="SuperPrivate.h">
      <Filter>CHapter2.0_Fake Program\Actor\Folder\Infolder\Private\File</Filter>
    </ClInclude>
    <ClInclude Include="UltraPrivate.h">
      <Filter>CHapter2.0_Fake Program\Actor\Folder\Infolder\Private\File</Filter>
    </ClInclude>
    <ClInclude Include="GigaPrivate.h">
      <Filter>CHapter2.0_Fake Program\Actor\Folder\Infolder\Private\File</Filter>
    </ClInclude>
    <ClInclude Include="Private18.h">
      <Filter>CHapter2.0_Fake Program\Actor\Folder\Infolder\Private\File</Filter>
    </ClInclude>
    <ClInclude Include="ClockDayandNight.h">
      <Filter>CHapter2.0_Fake Program\Actor\Folder\Infolder\Clock\ClockDay</Filter>
    </ClInclude>
    <ClInclude Include="ClockBranch.h">
      <Filter>CHapter2.0_Fake Program\Actor\Folder\Infolder\Clock\ClockDay</Filter>
    </ClInclude>
    <ClInclude Include="PictureFolderPanel.h">
      <Filter>CHapter2.0_Fake Program\Actor\Folder\Infolder\Picture\PictureUI</Filter>
    </ClInclude>
    <ClInclude Include="PasswordIcon.h">
      <Filter>CHapter2.0_Fake Program\Actor\Folder\Infolder\Trashcan\File</Filter>
    </ClInclude>
    <ClInclude Include="GoodbyeIcon.h">
      <Filter>CHapter2.0_Fake Program\Actor\Folder\Infolder\Trashcan\File</Filter>
    </ClInclude>
    <ClInclude Include="PinBall_BackGround.h">
      <Filter>CHapter2.0_Fake Program\Actor\Folder\Infolder\Trashcan\PinBall\Back</Filter>
    </ClInclude>
    <ClInclude Include="PinBall_Ball.h">
      <Filter>CHapter2.0_Fake Program\Actor\Folder\Infolder\Trashcan\PinBall\Interaction</Filter>
    </ClInclude>
    <ClInclude Include="PinBall_Bumper50.h">
      <Filter>CHapter2.0_Fake Program\Actor\Folder\Infolder\Trashcan\PinBall\Interaction</Filter>
    </ClInclude>
    <ClInclude Include="PinBall_Racket.h">
      <Filter>CHapter2.0_Fake Program\Actor\Folder\Infolder\Trashcan\PinBall\Interaction</Filter>
    </ClInclude>
    <ClInclude Include="PinBall_SideTable.h">
      <Filter>CHapter2.0_Fake Program\Actor\Folder\Infolder\Trashcan\PinBall\Back</Filter>
    </ClInclude>
    <ClInclude Include="PinBall_Icon.h">
      <Filter>CHapter2.0_Fake Program\Actor\Folder\Infolder\Trashcan\PinBall\Icon+etc</Filter>
    </ClInclude>
    <ClInclude Include="PinBall_Score.h">
      <Filter>CHapter2.0_Fake Program\Actor\Folder\Infolder\Trashcan\PinBall\Back</Filter>
    </ClInclude>
    <ClInclude Include="PinBall_HaloCup.h">
      <Filter>CHapter2.0_Fake Program\Actor\Folder\Infolder\Trashcan\PinBall\Icon+etc</Filter>
    </ClInclude>
    <ClInclude Include="PinBall_Bumper100.h">
      <Filter>CHapter2.0_Fake Program\Actor\Folder\Infolder\Trashcan\PinBall\Interaction</Filter>
    </ClInclude>
    <ClInclude Include="PinBall_LeftBoxFond.h">
      <Filter>CHapter2.0_Fake Program\Actor\Folder\Infolder\Trashcan\PinBall\Back</Filter>
    </ClInclude>
    <ClInclude Include="PinBall_RightBoxFond.h">
      <Filter>CHapter2.0_Fake Program\Actor\Folder\Infolder\Trashcan\PinBall\Back</Filter>
    </ClInclude>
    <ClInclude Include="Mouse.h">
      <Filter>CommonUI</Filter>
    </ClInclude>
    <ClInclude Include="Cup.h">
      <Filter>CHapter2.0_Fake Program\Actor\ScreenActor</Filter>
    </ClInclude>
    <ClInclude Include="Decapsuleur.h">
      <Filter>CHapter2.0_Fake Program\Actor\ScreenActor</Filter>
    </ClInclude>
    <ClInclude Include="Nut_Open.h">
      <Filter>CHapter2.0_Fake Program\Actor\ScreenActor</Filter>
    </ClInclude>
    <ClInclude Include="Nut_Close.h">
      <Filter>CHapter2.0_Fake Program\Actor\ScreenActor</Filter>
    </ClInclude>
    <ClInclude Include="S_ActorBase.h">
      <Filter>Actor Base</Filter>
    </ClInclude>
    <ClInclude Include="SquirrelKey.h">
      <Filter>CHapter2.0_Fake Program\Actor\ScreenActor</Filter>
    </ClInclude>
    <ClInclude Include="Cup_Full.h">
      <Filter>CHapter2.0_Fake Program\Actor\ScreenActor</Filter>
    </ClInclude>
    <ClInclude Include="LoadBarTXT.h">
      <Filter>Chapter1.5_Program Loading\Actor</Filter>
    </ClInclude>
    <ClInclude Include="LoadBarBack.h">
      <Filter>Chapter1.5_Program Loading\Actor</Filter>
    </ClInclude>
    <ClInclude Include="LoadRedBar.h">
      <Filter>Chapter1.5_Program Loading\Actor</Filter>
    </ClInclude>
    <ClInclude Include="LoadErrorPaper.h">
      <Filter>Chapter1.5_Program Loading\Actor</Filter>
    </ClInclude>
    <ClInclude Include="ActorTypeEnum.h">
      <Filter>CommonUI</Filter>
    </ClInclude>
    <ClInclude Include="MediaPause.h">
      <Filter>CHapter2.0_Fake Program\Actor\Folder\Infolder\MusicFolder\MusicActor</Filter>
    </ClInclude>
    <ClInclude Include="MediaPicture.h">
      <Filter>CHapter2.0_Fake Program\Actor\Folder\Infolder\MusicFolder\MusicActor</Filter>
    </ClInclude>
    <ClInclude Include="MediaPlay.h">
      <Filter>CHapter2.0_Fake Program\Actor\Folder\Infolder\MusicFolder\MusicActor</Filter>
    </ClInclude>
    <ClInclude Include="MediaPlayer.h">
      <Filter>CHapter2.0_Fake Program\Actor\Folder\Infolder\MusicFolder\MusicActor</Filter>
    </ClInclude>
    <ClInclude Include="MusicFolderPanel.h">
      <Filter>CHapter2.0_Fake Program\Actor\Folder\Infolder\MusicFolder\MusicActor</Filter>
    </ClInclude>
    <ClInclude Include="FolderNote.h">
      <Filter>CHapter2.0_Fake Program\Actor\Folder\FloderUI\FolderNote</Filter>
    </ClInclude>
    <ClInclude Include="RightRotate.h">
      <Filter>CHapter2.0_Fake Program\Actor\Folder\FloderUI\Rotate</Filter>
    </ClInclude>
    <ClInclude Include="LeftRotate.h">
      <Filter>CHapter2.0_Fake Program\Actor\Folder\FloderUI\Rotate</Filter>
    </ClInclude>
    <ClInclude Include="BoxCroix_Music.h">
      <Filter>CHapter2.0_Fake Program\Actor\Folder\FloderUI\BoxCroix\B_Music</Filter>
    </ClInclude>
    <ClInclude Include="BoxCroix_Skite.h">
      <Filter>CHapter2.0_Fake Program\Actor\Folder\FloderUI\BoxCroix\B_Skite</Filter>
    </ClInclude>
    <ClInclude Include="BoxCroix_CodePicture.h">
      <Filter>CHapter2.0_Fake Program\Actor\Folder\FloderUI\BoxCroix\B_Picture</Filter>
    </ClInclude>
    <ClInclude Include="BoxCroix_DayPicture.h">
      <Filter>CHapter2.0_Fake Program\Actor\Folder\FloderUI\BoxCroix\B_Picture</Filter>
    </ClInclude>
    <ClInclude Include="BoxCroix_DrawerPicture.h">
      <Filter>CHapter2.0_Fake Program\Actor\Folder\FloderUI\BoxCroix\B_Picture</Filter>
    </ClInclude>
    <ClInclude Include="BoxCroix_PictureFolder.h">
      <Filter>CHapter2.0_Fake Program\Actor\Folder\FloderUI\BoxCroix\B_Picture</Filter>
    </ClInclude>
    <ClInclude Include="PrivatePanel.h">
      <Filter>CHapter2.0_Fake Program\Actor\Folder\Infolder\Private\PrivateUI\Panel</Filter>
    </ClInclude>
    <ClInclude Include="PrivatePanel_Ultra.h">
      <Filter>CHapter2.0_Fake Program\Actor\Folder\Infolder\Private\PrivateUI\Panel</Filter>
    </ClInclude>
    <ClInclude Include="PrivatePanel_Giga.h">
      <Filter>CHapter2.0_Fake Program\Actor\Folder\Infolder\Private\PrivateUI\Panel</Filter>
    </ClInclude>
    <ClInclude Include="PrivatePanel_18.h">
      <Filter>CHapter2.0_Fake Program\Actor\Folder\Infolder\Private\PrivateUI\Panel</Filter>
    </ClInclude>
    <ClInclude Include="PrivatePanel_Miss.h">
      <Filter>CHapter2.0_Fake Program\Actor\Folder\Infolder\Private\PrivateUI\Panel</Filter>
    </ClInclude>
    <ClInclude Include="BoxCroix_PR_18.h">
      <Filter>CHapter2.0_Fake Program\Actor\Folder\FloderUI\BoxCroix\B_Private\folder</Filter>
    </ClInclude>
    <ClInclude Include="BoxCroix_PR_Giga.h">
      <Filter>CHapter2.0_Fake Program\Actor\Folder\FloderUI\BoxCroix\B_Private\folder</Filter>
    </ClInclude>
    <ClInclude Include="BoxCroix_PR_Super.h">
      <Filter>CHapter2.0_Fake Program\Actor\Folder\FloderUI\BoxCroix\B_Private\folder</Filter>
    </ClInclude>
    <ClInclude Include="BoxCroix_PR_Ultra.h">
      <Filter>CHapter2.0_Fake Program\Actor\Folder\FloderUI\BoxCroix\B_Private\folder</Filter>
    </ClInclude>
    <ClInclude Include="BoxCroix_PR_Miss.h">
      <Filter>CHapter2.0_Fake Program\Actor\Folder\FloderUI\BoxCroix\B_Private\miss</Filter>
    </ClInclude>
    <ClInclude Include="BoxCroix_PR_MissPicture.h">
      <Filter>CHapter2.0_Fake Program\Actor\Folder\FloderUI\BoxCroix\B_Private\miss</Filter>
    </ClInclude>
    <ClInclude Include="FolderNote2.h">
      <Filter>CHapter2.0_Fake Program\Actor\Folder\FloderUI\FolderNote</Filter>
    </ClInclude>
    <ClInclude Include="FolderNote3.h">
      <Filter>CHapter2.0_Fake Program\Actor\Folder\FloderUI\FolderNote</Filter>
    </ClInclude>
    <ClInclude Include="BoxCroix_FN1.h">
      <Filter>CHapter2.0_Fake Program\Actor\Folder\FloderUI\BoxCroix\B_Private\FolderNote</Filter>
    </ClInclude>
    <ClInclude Include="BoxCroix_FN2.h">
      <Filter>CHapter2.0_Fake Program\Actor\Folder\FloderUI\BoxCroix\B_Private\FolderNote</Filter>
    </ClInclude>
    <ClInclude Include="BoxCroix_FN3.h">
      <Filter>CHapter2.0_Fake Program\Actor\Folder\FloderUI\BoxCroix\B_Private\FolderNote</Filter>
    </ClInclude>
    <ClInclude Include="BoxCroix_ClockPanel.h">
      <Filter>CHapter2.0_Fake Program\Actor\Folder\FloderUI\BoxCroix\B_Clock</Filter>
    </ClInclude>
    <ClInclude Include="ClockPaddle0.h">
      <Filter>CHapter2.0_Fake Program\Actor\Folder\Infolder\Clock\ClockPaddle\Paddle</Filter>
    </ClInclude>
    <ClInclude Include="ClockPaddle1.h">
      <Filter>CHapter2.0_Fake Program\Actor\Folder\Infolder\Clock\ClockPaddle\Paddle</Filter>
    </ClInclude>
    <ClInclude Include="ClockPaddle2.h">
      <Filter>CHapter2.0_Fake Program\Actor\Folder\Infolder\Clock\ClockPaddle\Paddle</Filter>
    </ClInclude>
    <ClInclude Include="ClockPaddle3.h">
      <Filter>CHapter2.0_Fake Program\Actor\Folder\Infolder\Clock\ClockPaddle\Paddle</Filter>
    </ClInclude>
    <ClInclude Include="ClockPaddle4.h">
      <Filter>CHapter2.0_Fake Program\Actor\Folder\Infolder\Clock\ClockPaddle\Paddle</Filter>
    </ClInclude>
    <ClInclude Include="ClockPaddle5.h">
      <Filter>CHapter2.0_Fake Program\Actor\Folder\Infolder\Clock\ClockPaddle\Paddle</Filter>
    </ClInclude>
    <ClInclude Include="ClockPaddle6.h">
      <Filter>CHapter2.0_Fake Program\Actor\Folder\Infolder\Clock\ClockPaddle\Paddle</Filter>
    </ClInclude>
    <ClInclude Include="ClockPaddle7.h">
      <Filter>CHapter2.0_Fake Program\Actor\Folder\Infolder\Clock\ClockPaddle\Paddle</Filter>
    </ClInclude>
    <ClInclude Include="ClockPaddle8.h">
      <Filter>CHapter2.0_Fake Program\Actor\Folder\Infolder\Clock\ClockPaddle\Paddle</Filter>
    </ClInclude>
    <ClInclude Include="ClockPaddle9.h">
      <Filter>CHapter2.0_Fake Program\Actor\Folder\Infolder\Clock\ClockPaddle\Paddle</Filter>
    </ClInclude>
    <ClInclude Include="BoxCroix_ClockDay.h">
      <Filter>CHapter2.0_Fake Program\Actor\Folder\FloderUI\BoxCroix\B_Clock</Filter>
    </ClInclude>
    <ClInclude Include="TrashCanFolderPanel.h">
      <Filter>CHapter2.0_Fake Program\Actor\Folder\Infolder\Trashcan\File</Filter>
    </ClInclude>
    <ClInclude Include="BoxCroix_TrashCanFolder.h">
      <Filter>CHapter2.0_Fake Program\Actor\Folder\FloderUI\BoxCroix\B_TrashCan</Filter>
    </ClInclude>
    <ClInclude Include="FolderNote_Password.h">
      <Filter>CHapter2.0_Fake Program\Actor\Folder\FloderUI\FolderNote</Filter>
    </ClInclude>
    <ClInclude Include="FolderNote_GoodBye.h">
      <Filter>CHapter2.0_Fake Program\Actor\Folder\FloderUI\FolderNote</Filter>
    </ClInclude>
    <ClInclude Include="SquirrelCloud_Need.h">
      <Filter>CHapter2.0_Fake Program\Actor\Backetc</Filter>
    </ClInclude>
    <ClInclude Include="SquirrelCloud_Crack.h">
      <Filter>CHapter2.0_Fake Program\Actor\Backetc</Filter>
    </ClInclude>
    <ClInclude Include="BackSqirrelKey.h">
      <Filter>CHapter2.0_Fake Program\Actor\Backetc</Filter>
    </ClInclude>
    <ClInclude Include="SquirrelKeyMiddle.h">
      <Filter>CHapter2.0_Fake Program\Actor\ScreenActor</Filter>
    </ClInclude>
    <ClInclude Include="SquirrelKeySmall.h">
      <Filter>CHapter2.0_Fake Program\Actor\ScreenActor</Filter>
    </ClInclude>
    <ClInclude Include="LevelStateManager.h">
      <Filter>CHapter2.0_Fake Program\Level</Filter>
    </ClInclude>
    <ClInclude Include="SkiteProfil.h">
      <Filter>CHapter2.0_Fake Program\Actor\Folder\Infolder\Skite</Filter>
    </ClInclude>
    <ClInclude Include="C1_BackGround.h">
      <Filter>Chapter1.0_Play within a play\Level\BackGround</Filter>
    </ClInclude>
    <ClInclude Include="Cursor.h">
      <Filter>Chapter1.0_Play within a play\Actor\ScreenActor</Filter>
    </ClInclude>
    <ClInclude Include="Cog.h">
      <Filter>Chapter1.0_Play within a play\Actor\ScreenActor</Filter>
    </ClInclude>
    <ClInclude Include="French.h">
      <Filter>Chapter1.0_Play within a play\Actor\ScreenActor</Filter>
    </ClInclude>
    <ClInclude Include="Key.h">
      <Filter>Chapter1.0_Play within a play\Actor\ScreenActor</Filter>
    </ClInclude>
    <ClInclude Include="Raquette.h">
      <Filter>Chapter1.0_Play within a play\Actor\ScreenActor</Filter>
    </ClInclude>
    <ClInclude Include="RouageLoad.h">
      <Filter>Chapter1.0_Play within a play\Actor\ScreenActor</Filter>
    </ClInclude>
    <ClInclude Include="Scissor.h">
      <Filter>Chapter1.0_Play within a play\Actor\ScreenActor</Filter>
    </ClInclude>
    <ClInclude Include="Speaker.h">
      <Filter>Chapter1.0_Play within a play\Actor\ScreenActor</Filter>
    </ClInclude>
    <ClInclude Include="TitleMetal.h">
      <Filter>Chapter1.0_Play within a play\Actor\ScreenActor</Filter>
    </ClInclude>
    <ClInclude Include="CoffreFort.h">
      <Filter>Chapter1.0_Play within a play\Actor\BackActor\CoffreFort</Filter>
    </ClInclude>
    <ClInclude Include="CoffreFortHandle.h">
      <Filter>Chapter1.0_Play within a play\Actor\BackActor\CoffreFort</Filter>
    </ClInclude>
    <ClInclude Include="CoffreFortPanel.h">
      <Filter>Chapter1.0_Play within a play\Actor\BackActor\CoffreFort</Filter>
    </ClInclude>
    <ClInclude Include="Lope_Corde_Weak.h">
      <Filter>Chapter1.0_Play within a play\Actor\BackActor\Lope</Filter>
    </ClInclude>
    <ClInclude Include="Cordon.h">
      <Filter>Chapter1.0_Play within a play\Actor\BackActor\Lope</Filter>
    </ClInclude>
    <ClInclude Include="Lope_Corde.h">
      <Filter>Chapter1.0_Play within a play\Actor\BackActor\Lope</Filter>
    </ClInclude>
    <ClInclude Include="BalloonSecure.h">
      <Filter>Chapter1.0_Play within a play\Actor\BackActor\Lope</Filter>
    </ClInclude>
    <ClInclude Include="BackGround_White.h">
      <Filter>CommonUI</Filter>
    </ClInclude>
    <ClInclude Include="Vis.h">
      <Filter>Chapter1.0_Play within a play\Actor\BackActor\Etc</Filter>
    </ClInclude>
    <ClInclude Include="Board.h">
      <Filter>Chapter1.0_Play within a play\Actor\BackActor\InterActor</Filter>
    </ClInclude>
    <ClInclude Include="Plaque.h">
      <Filter>Chapter1.0_Play within a play\Actor\BackActor\InterActor</Filter>
    </ClInclude>
    <ClInclude Include="Lope_Chain.h">
      <Filter>Chapter1.0_Play within a play\Actor\BackActor\Lope</Filter>
    </ClInclude>
    <ClInclude Include="A_TitleCube.h">
      <Filter>Chapter1.0_Play within a play\Actor\BackActor\Block_ThereIsNoGame\Normal\Alphabet</Filter>
    </ClInclude>
    <ClInclude Include="E_TitleCube.h">
      <Filter>Chapter1.0_Play within a play\Actor\BackActor\Block_ThereIsNoGame\Normal\Alphabet</Filter>
    </ClInclude>
    <ClInclude Include="G_TitleCube.h">
      <Filter>Chapter1.0_Play within a play\Actor\BackActor\Block_ThereIsNoGame\Normal\Alphabet</Filter>
    </ClInclude>
    <ClInclude Include="H_TitleCube.h">
      <Filter>Chapter1.0_Play within a play\Actor\BackActor\Block_ThereIsNoGame\Normal\Alphabet</Filter>
    </ClInclude>
    <ClInclude Include="I_TitleCube.h">
      <Filter>Chapter1.0_Play within a play\Actor\BackActor\Block_ThereIsNoGame\Normal\Alphabet</Filter>
    </ClInclude>
    <ClInclude Include="M_TitleCube.h">
      <Filter>Chapter1.0_Play within a play\Actor\BackActor\Block_ThereIsNoGame\Normal\Alphabet</Filter>
    </ClInclude>
    <ClInclude Include="N_TitleCube.h">
      <Filter>Chapter1.0_Play within a play\Actor\BackActor\Block_ThereIsNoGame\Normal\Alphabet</Filter>
    </ClInclude>
    <ClInclude Include="O_TitleCube.h">
      <Filter>Chapter1.0_Play within a play\Actor\BackActor\Block_ThereIsNoGame\Normal\Alphabet</Filter>
    </ClInclude>
    <ClInclude Include="R_TitleCube.h">
      <Filter>Chapter1.0_Play within a play\Actor\BackActor\Block_ThereIsNoGame\Normal\Alphabet</Filter>
    </ClInclude>
    <ClInclude Include="S_TitleCube.h">
      <Filter>Chapter1.0_Play within a play\Actor\BackActor\Block_ThereIsNoGame\Normal\Alphabet</Filter>
    </ClInclude>
    <ClInclude Include="T_TitleCube.h">
      <Filter>Chapter1.0_Play within a play\Actor\BackActor\Block_ThereIsNoGame\Normal\Alphabet</Filter>
    </ClInclude>
    <ClInclude Include="Excla_TitleCube.h">
      <Filter>Chapter1.0_Play within a play\Actor\BackActor\Block_ThereIsNoGame\Normal\Excla,Ball</Filter>
    </ClInclude>
    <ClInclude Include="Ball_TitleCube.h">
      <Filter>Chapter1.0_Play within a play\Actor\BackActor\Block_ThereIsNoGame\Normal\Excla,Ball</Filter>
    </ClInclude>
    <ClInclude Include="RE_TitleCube.h">
      <Filter>Chapter1.0_Play within a play\Actor\BackActor\Block_ThereIsNoGame\Normal\Alphabet</Filter>
    </ClInclude>
    <ClInclude Include="ME_TitleCube.h">
      <Filter>Chapter1.0_Play within a play\Actor\BackActor\Block_ThereIsNoGame\Normal\Alphabet</Filter>
    </ClInclude>
    <ClInclude Include="BackCurtain_Main.h">
      <Filter>CommonUI</Filter>
    </ClInclude>
    <ClInclude Include="FadeEffect.h">
      <Filter>Actor Base</Filter>
    </ClInclude>
  </ItemGroup>
  <ItemGroup>
    <Filter Include="Core">
      <UniqueIdentifier>{b7b02c0f-43ab-4d10-8e35-019d887e1390}</UniqueIdentifier>
    </Filter>
    <Filter Include="Actor Base">
      <UniqueIdentifier>{ac088f94-cd95-4886-a858-94f9a7d1a8b2}</UniqueIdentifier>
    </Filter>
    <Filter Include="CommonUI">
      <UniqueIdentifier>{2e5e51e2-2dd0-4f04-81b7-8d7ad33f3c60}</UniqueIdentifier>
    </Filter>
    <Filter Include="Chapter1.5_Program Loading">
      <UniqueIdentifier>{d050acc6-b76c-4a3c-9fe0-cf3095bf48ad}</UniqueIdentifier>
    </Filter>
    <Filter Include="Chapter1.5_Program Loading\Level">
      <UniqueIdentifier>{5dc152a1-daef-46bb-b47a-ffb51159f739}</UniqueIdentifier>
    </Filter>
    <Filter Include="Chapter1.0_Play within a play">
      <UniqueIdentifier>{81fb460f-8f12-4cd6-a645-7b095595a39d}</UniqueIdentifier>
    </Filter>
    <Filter Include="Chapter1.0_Play within a play\Level">
      <UniqueIdentifier>{7919d00b-24e4-41c5-8f3c-62bb4e95d26d}</UniqueIdentifier>
    </Filter>
    <Filter Include="Chapter1.0_Play within a play\Actor">
      <UniqueIdentifier>{5b23c842-8373-4d30-9045-c120aba982bd}</UniqueIdentifier>
    </Filter>
    <Filter Include="Chapter0.0_MainMenu">
      <UniqueIdentifier>{cb46ad1a-422b-4787-8c23-f8a2c834579e}</UniqueIdentifier>
    </Filter>
    <Filter Include="Chapter0.0_MainMenu\Level">
      <UniqueIdentifier>{857133b8-212c-4f02-9ec2-2266fe1edb27}</UniqueIdentifier>
    </Filter>
    <Filter Include="Chapter0.0_MainMenu\Actor">
      <UniqueIdentifier>{a81ac9fe-7dae-43a3-8669-2524a87f3b3e}</UniqueIdentifier>
    </Filter>
    <Filter Include="Chapter0.0_MainMenu\Actor\Letter">
      <UniqueIdentifier>{96d1166d-5a38-44ac-8b4a-53ae5921a4f6}</UniqueIdentifier>
    </Filter>
    <Filter Include="Chapter0.0_MainMenu\Actor\Letter\There is">
      <UniqueIdentifier>{879b0f4c-a531-41f2-b9ff-256aa6210f79}</UniqueIdentifier>
    </Filter>
    <Filter Include="Chapter0.0_MainMenu\Actor\Letter\No game">
      <UniqueIdentifier>{5e8b31f4-5bc1-4fdb-a8b7-ac2ea91cf3ce}</UniqueIdentifier>
    </Filter>
    <Filter Include="Chapter0.0_MainMenu\Actor\SelectBox">
      <UniqueIdentifier>{f05b8f29-b651-4ebf-ab8d-028b3b1cb7b9}</UniqueIdentifier>
    </Filter>
    <Filter Include="Chapter0.0_MainMenu\Actor\SelectBox\Arrow">
      <UniqueIdentifier>{e3671a76-1e5e-4e01-9aef-a63613c2be96}</UniqueIdentifier>
    </Filter>
    <Filter Include="Chapter0.0_MainMenu\Actor\Flag">
      <UniqueIdentifier>{336a1a97-912f-41b9-bc14-467575274a76}</UniqueIdentifier>
    </Filter>
    <Filter Include="Chapter0.0_MainMenu\Actor\Panel">
      <UniqueIdentifier>{cce30c6e-e22e-445e-a612-33c5f7f9d203}</UniqueIdentifier>
    </Filter>
    <Filter Include="Chapter0.0_MainMenu\Actor\DrawaPixel">
      <UniqueIdentifier>{ac402e5a-38d6-44b8-a652-8f864d07c5f8}</UniqueIdentifier>
    </Filter>
    <Filter Include="CHapter2.0_Fake Program">
      <UniqueIdentifier>{0d1587da-ee20-4381-8476-d7820d86efcf}</UniqueIdentifier>
    </Filter>
    <Filter Include="CHapter2.0_Fake Program\Level">
      <UniqueIdentifier>{a9d32771-3e43-4815-9495-bfd57d377e06}</UniqueIdentifier>
    </Filter>
    <Filter Include="CHapter2.0_Fake Program\Level\BackGround">
      <UniqueIdentifier>{d7ad261a-27d8-426a-8076-d4f557c190a4}</UniqueIdentifier>
    </Filter>
    <Filter Include="CHapter2.0_Fake Program\Actor">
      <UniqueIdentifier>{3d541356-c62a-4ad2-9f98-6f67442f8c60}</UniqueIdentifier>
    </Filter>
    <Filter Include="CHapter2.0_Fake Program\Actor\Folder">
      <UniqueIdentifier>{1766bcde-a63a-4db1-8c53-98a39b093da7}</UniqueIdentifier>
    </Filter>
    <Filter Include="CHapter2.0_Fake Program\Actor\Backetc">
      <UniqueIdentifier>{1f658f27-2485-4ba0-8aae-e138973c9ca6}</UniqueIdentifier>
    </Filter>
    <Filter Include="CHapter2.0_Fake Program\Actor\Folder\OutFolder">
      <UniqueIdentifier>{b180e55e-6584-4e44-9842-cfab917fc3a6}</UniqueIdentifier>
    </Filter>
    <Filter Include="CHapter2.0_Fake Program\Actor\Folder\Infolder">
      <UniqueIdentifier>{8ee0afa6-df38-4539-9294-b579d4e1d8e9}</UniqueIdentifier>
    </Filter>
    <Filter Include="CHapter2.0_Fake Program\Actor\Folder\FloderUI">
      <UniqueIdentifier>{a308f3c2-8bdc-4cae-8a3d-5a82713d82df}</UniqueIdentifier>
    </Filter>
    <Filter Include="CHapter2.0_Fake Program\Actor\Folder\Infolder\Skite">
      <UniqueIdentifier>{6033a441-6262-4de1-88ec-76f2dddd7f67}</UniqueIdentifier>
    </Filter>
    <Filter Include="CHapter2.0_Fake Program\Actor\Folder\Infolder\Clock">
      <UniqueIdentifier>{6371abdb-cbfe-4a2b-ab75-2cd41db665c3}</UniqueIdentifier>
    </Filter>
    <Filter Include="CHapter2.0_Fake Program\Actor\Folder\Infolder\Picture">
      <UniqueIdentifier>{ea88ec9f-113d-43f7-a3c7-84fb9ca0b1a1}</UniqueIdentifier>
    </Filter>
    <Filter Include="CHapter2.0_Fake Program\Actor\Folder\Infolder\Private">
      <UniqueIdentifier>{ebb29a65-e5bb-43db-8d21-f32d8fd18515}</UniqueIdentifier>
    </Filter>
    <Filter Include="CHapter2.0_Fake Program\Actor\Folder\Infolder\Trashcan">
      <UniqueIdentifier>{4ee7fe16-cf07-49f2-9e7c-19e2d6f5b8c8}</UniqueIdentifier>
    </Filter>
    <Filter Include="CHapter2.0_Fake Program\Actor\Folder\Infolder\Picture\Picture1_Day">
      <UniqueIdentifier>{7a6ae1f3-4681-4bcd-addb-5e0a48eea306}</UniqueIdentifier>
    </Filter>
    <Filter Include="CHapter2.0_Fake Program\Actor\Folder\Infolder\Picture\Picture2_Drawer">
      <UniqueIdentifier>{1165bab7-807d-4dd5-a7e4-60c78175f965}</UniqueIdentifier>
    </Filter>
    <Filter Include="CHapter2.0_Fake Program\Actor\Folder\Infolder\Picture\Picture3_Code">
      <UniqueIdentifier>{c72242e6-6b6e-451a-be23-1b927d1c37cb}</UniqueIdentifier>
    </Filter>
    <Filter Include="CHapter2.0_Fake Program\Actor\Folder\Infolder\MusicFolder">
      <UniqueIdentifier>{d1d9a76c-744f-4296-8563-eec0f9c313f5}</UniqueIdentifier>
    </Filter>
    <Filter Include="CHapter2.0_Fake Program\Actor\Folder\Infolder\MusicFolder\Note">
      <UniqueIdentifier>{e023be9c-a5e9-43d3-96d4-0d5ef754ed0e}</UniqueIdentifier>
    </Filter>
    <Filter Include="CHapter2.0_Fake Program\Actor\Folder\Infolder\Picture\PictureUI">
      <UniqueIdentifier>{58fcb3b0-1c16-4a1a-a71c-7e80d26043a3}</UniqueIdentifier>
    </Filter>
    <Filter Include="CHapter2.0_Fake Program\Actor\Folder\Infolder\Clock\ClockPaddle">
      <UniqueIdentifier>{17c82583-1299-4c39-93a8-5d5a7163c238}</UniqueIdentifier>
    </Filter>
    <Filter Include="CHapter2.0_Fake Program\Actor\Folder\Infolder\Clock\ClockUI">
      <UniqueIdentifier>{ec6dd253-3bfc-474e-9eb8-fd3eb3e48109}</UniqueIdentifier>
    </Filter>
    <Filter Include="Chapter1.5_Program Loading\Actor">
      <UniqueIdentifier>{b918024b-13e6-489c-88d4-9a7a6597c019}</UniqueIdentifier>
    </Filter>
    <Filter Include="CHapter2.0_Fake Program\Actor\Folder\Infolder\Private\PrivateUI">
      <UniqueIdentifier>{d24fc3d6-cd87-49d7-97d7-49c4b8c03448}</UniqueIdentifier>
    </Filter>
    <Filter Include="CHapter2.0_Fake Program\Actor\Folder\Infolder\Private\18+Miss">
      <UniqueIdentifier>{027fc8bf-dc69-4481-8351-84aa8bff6e22}</UniqueIdentifier>
    </Filter>
    <Filter Include="CHapter2.0_Fake Program\Actor\Folder\Infolder\Private\18+Miss\MissPicture">
      <UniqueIdentifier>{3a0962eb-e827-4af9-86ba-8ba698493b41}</UniqueIdentifier>
    </Filter>
    <Filter Include="CHapter2.0_Fake Program\Actor\Folder\Infolder\Private\File">
      <UniqueIdentifier>{58812e5f-ae68-4db2-911a-ae3b1d78de84}</UniqueIdentifier>
    </Filter>
    <Filter Include="CHapter2.0_Fake Program\Actor\Folder\Infolder\Private\Truth">
      <UniqueIdentifier>{90b583d3-bf92-41fe-a5d3-7c03a95437d9}</UniqueIdentifier>
    </Filter>
    <Filter Include="CHapter2.0_Fake Program\Actor\Folder\Infolder\Clock\ClockDay">
      <UniqueIdentifier>{4c6c6f13-963b-4584-810c-8ce2e1e058c0}</UniqueIdentifier>
    </Filter>
    <Filter Include="CHapter2.0_Fake Program\Actor\Folder\Infolder\Trashcan\PinBall">
      <UniqueIdentifier>{a9f38c08-a8df-44cb-88d4-1b07292490b2}</UniqueIdentifier>
    </Filter>
    <Filter Include="CHapter2.0_Fake Program\Actor\Folder\Infolder\Trashcan\File">
      <UniqueIdentifier>{afb8f9b7-183c-482b-9afa-a6fc77daceb7}</UniqueIdentifier>
    </Filter>
    <Filter Include="CHapter2.0_Fake Program\Actor\Folder\Infolder\Trashcan\PinBall\Interaction">
      <UniqueIdentifier>{a3e9167a-1b0c-4ea6-9192-a1216f197ecb}</UniqueIdentifier>
    </Filter>
    <Filter Include="CHapter2.0_Fake Program\Actor\Folder\Infolder\Trashcan\PinBall\Back">
      <UniqueIdentifier>{fc44acb5-9bf1-462c-88cd-74342b2821f7}</UniqueIdentifier>
    </Filter>
    <Filter Include="CHapter2.0_Fake Program\Actor\Folder\Infolder\Trashcan\PinBall\Icon+etc">
      <UniqueIdentifier>{4bdeeaf5-5277-47ed-b252-714ccda2a44b}</UniqueIdentifier>
    </Filter>
    <Filter Include="CHapter2.0_Fake Program\Actor\ScreenActor">
      <UniqueIdentifier>{14b735ee-00cd-45bd-b2c4-11eae1c63805}</UniqueIdentifier>
    </Filter>
    <Filter Include="CHapter2.0_Fake Program\Actor\Folder\Infolder\MusicFolder\MusicActor">
      <UniqueIdentifier>{3f3b6f27-e2df-46d6-a7d0-8b20d1aad969}</UniqueIdentifier>
    </Filter>
    <Filter Include="CHapter2.0_Fake Program\Actor\Folder\FloderUI\BoxCroix">
      <UniqueIdentifier>{83ab74f4-c102-4d7b-956d-fd71accc3d37}</UniqueIdentifier>
    </Filter>
    <Filter Include="CHapter2.0_Fake Program\Actor\Folder\FloderUI\Rotate">
      <UniqueIdentifier>{21569e5a-4070-46ea-9a87-9bea83a31d13}</UniqueIdentifier>
    </Filter>
    <Filter Include="CHapter2.0_Fake Program\Actor\Folder\FloderUI\FolderNote">
      <UniqueIdentifier>{032df8b2-f4f4-431a-846e-822e46ed0b70}</UniqueIdentifier>
    </Filter>
    <Filter Include="CHapter2.0_Fake Program\Actor\Folder\FloderUI\BoxCroix\B_Music">
      <UniqueIdentifier>{08047a24-fb99-4e81-89b6-6471a851d773}</UniqueIdentifier>
    </Filter>
    <Filter Include="CHapter2.0_Fake Program\Actor\Folder\FloderUI\BoxCroix\B_Private">
      <UniqueIdentifier>{080f9e7e-4cda-42c9-8b3a-4510d2de591f}</UniqueIdentifier>
    </Filter>
    <Filter Include="CHapter2.0_Fake Program\Actor\Folder\FloderUI\BoxCroix\B_Picture">
      <UniqueIdentifier>{9c4e8795-9609-4ef5-a28b-7022403643d7}</UniqueIdentifier>
    </Filter>
    <Filter Include="CHapter2.0_Fake Program\Actor\Folder\FloderUI\BoxCroix\B_Skite">
      <UniqueIdentifier>{59c82167-25ca-45de-901d-639ae7589e46}</UniqueIdentifier>
    </Filter>
    <Filter Include="CHapter2.0_Fake Program\Actor\Folder\Infolder\Private\PrivateUI\Panel">
      <UniqueIdentifier>{8f3a87a4-a788-4fd8-8355-4367e780dcc4}</UniqueIdentifier>
    </Filter>
    <Filter Include="CHapter2.0_Fake Program\Actor\Folder\FloderUI\BoxCroix\B_Private\folder">
      <UniqueIdentifier>{93e90ec0-9896-4e5d-a2aa-0ea8834d656f}</UniqueIdentifier>
    </Filter>
    <Filter Include="CHapter2.0_Fake Program\Actor\Folder\FloderUI\BoxCroix\B_Private\miss">
      <UniqueIdentifier>{7c47faa7-667d-47c6-a284-cbacffdd1bb2}</UniqueIdentifier>
    </Filter>
    <Filter Include="CHapter2.0_Fake Program\Actor\Folder\FloderUI\BoxCroix\B_Private\FolderNote">
      <UniqueIdentifier>{0d7874bd-86d7-48c1-b42d-40ecd66cf897}</UniqueIdentifier>
    </Filter>
    <Filter Include="CHapter2.0_Fake Program\Actor\Folder\FloderUI\BoxCroix\B_Clock">
      <UniqueIdentifier>{30fe0d18-d057-4eea-9570-9f80dfcd2200}</UniqueIdentifier>
    </Filter>
    <Filter Include="CHapter2.0_Fake Program\Actor\Folder\Infolder\Clock\ClockPaddle\Paddle">
      <UniqueIdentifier>{05a4b6cb-79e3-4b9d-bba6-1f00e2b4dd65}</UniqueIdentifier>
    </Filter>
    <Filter Include="CHapter2.0_Fake Program\Actor\Folder\Infolder\Clock\ClockPaddle\UnderBarNumber">
      <UniqueIdentifier>{934b9186-4fc4-4f22-af64-191dc02337ce}</UniqueIdentifier>
    </Filter>
    <Filter Include="CHapter2.0_Fake Program\Actor\Folder\FloderUI\BoxCroix\B_TrashCan">
      <UniqueIdentifier>{c2d05f79-ce68-4fc8-8a4c-2e4b35b55efb}</UniqueIdentifier>
    </Filter>
    <Filter Include="Chapter1.0_Play within a play\Level\BackGround">
      <UniqueIdentifier>{03c80588-e4d0-4f78-8749-b846d76feec2}</UniqueIdentifier>
    </Filter>
    <Filter Include="Chapter1.0_Play within a play\Actor\ScreenActor">
      <UniqueIdentifier>{f24b7c75-3e7b-4394-81e5-a931ad21e7de}</UniqueIdentifier>
    </Filter>
    <Filter Include="Chapter1.0_Play within a play\Actor\BackActor">
      <UniqueIdentifier>{dc5b7a0d-d2d2-4c59-a019-caaab9fd5814}</UniqueIdentifier>
    </Filter>
    <Filter Include="Chapter1.0_Play within a play\Actor\BackActor\Block_ThereIsNoGame">
      <UniqueIdentifier>{cfad2fe3-125d-4f07-93a8-e87ccabd84a0}</UniqueIdentifier>
    </Filter>
    <Filter Include="Chapter1.0_Play within a play\Actor\BackActor\Block_ThereIsNoGame\Normal">
      <UniqueIdentifier>{4b596399-2c6e-4be3-9cb2-ccb8309ffccc}</UniqueIdentifier>
    </Filter>
    <Filter Include="Chapter1.0_Play within a play\Actor\BackActor\Block_ThereIsNoGame\Metal">
      <UniqueIdentifier>{3d004cb2-fee1-4fb2-bc51-977600327be0}</UniqueIdentifier>
    </Filter>
    <Filter Include="Chapter1.0_Play within a play\Actor\BackActor\Lope">
      <UniqueIdentifier>{7156949e-3f5e-4e33-8f65-694bfb13113f}</UniqueIdentifier>
    </Filter>
    <Filter Include="Chapter1.0_Play within a play\Actor\BackActor\CoffreFort">
      <UniqueIdentifier>{537e2db2-7dfa-4a18-be50-3995eea105c7}</UniqueIdentifier>
    </Filter>
    <Filter Include="Chapter1.0_Play within a play\Actor\BackActor\Etc">
      <UniqueIdentifier>{286eb904-3e1b-4664-94de-1227d4ff3912}</UniqueIdentifier>
    </Filter>
    <Filter Include="Chapter1.0_Play within a play\Actor\BackActor\InterActor">
      <UniqueIdentifier>{5661bfaf-527c-4e79-a459-34fc61c77c97}</UniqueIdentifier>
    </Filter>
    <Filter Include="Chapter1.0_Play within a play\Actor\BackActor\Block_ThereIsNoGame\Normal\Alphabet">
      <UniqueIdentifier>{29a5fe2e-7fe2-493b-8b86-e13cc5e03876}</UniqueIdentifier>
    </Filter>
    <Filter Include="Chapter1.0_Play within a play\Actor\BackActor\Block_ThereIsNoGame\Normal\Excla,Ball">
      <UniqueIdentifier>{5ac7ce9d-c7e2-45ea-8b17-9868193e54c4}</UniqueIdentifier>
    </Filter>
  </ItemGroup>
  <ItemGroup>
    <Text Include="..\구조 메모장.txt">
      <Filter>Core</Filter>
    </Text>
    <Text Include="etc.txt">
      <Filter>Core</Filter>
    </Text>
  </ItemGroup>
</Project>